
Microsoft Visual Studio Solution File, Format Version 12.00
# Visual Studio Version 16
VisualStudioVersion = 16.0.29123.88
MinimumVisualStudioVersion = 10.0.40219.1
Project("{9A19103F-16F7-4668-BE54-9A1E7A4F7556}") = "YJC.Toolkit.Core", "Core\YJC.Toolkit.Core\YJC.Toolkit.Core.csproj", "{9AFF9CC4-42A6-471B-95C9-AF07CEBC19E5}"
EndProject
Project("{2150E333-8FDC-42A3-9474-1A3956D46DE8}") = "Core", "Core", "{EE30E8E3-12D7-4738-A6CA-745172A1BC66}"
EndProject
Project("{9A19103F-16F7-4668-BE54-9A1E7A4F7556}") = "YJC.Toolkit.MetaData", "Core\YJC.Toolkit.MetaData\YJC.Toolkit.MetaData.csproj", "{59F7B4ED-95AD-40B6-AD3B-419FE66C4521}"
EndProject
Project("{2150E333-8FDC-42A3-9474-1A3956D46DE8}") = "Data", "Data", "{5D4AC09B-83D3-4267-822D-5151E1DA018F}"
EndProject
Project("{9A19103F-16F7-4668-BE54-9A1E7A4F7556}") = "YJC.Toolkit.Data", "Data\YJC.Toolkit.Data\YJC.Toolkit.Data.csproj", "{711B30CD-066C-4D32-AD35-5FBAC6104CD8}"
EndProject
Project("{9A19103F-16F7-4668-BE54-9A1E7A4F7556}") = "YJC.Toolkit.AdoData", "Data\YJC.Toolkit.AdoData\YJC.Toolkit.AdoData.csproj", "{5922E5BD-4C19-457F-865C-98D4A50560EB}"
EndProject
Project("{9A19103F-16F7-4668-BE54-9A1E7A4F7556}") = "YJC.Toolkit.Razor", "Data\YJC.Toolkit.Razor\YJC.Toolkit.Razor.csproj", "{3083D7FD-73A2-4CE6-BF3A-46ED8DE65572}"
EndProject
Project("{2150E333-8FDC-42A3-9474-1A3956D46DE8}") = "Web", "Web", "{AB1FACB9-831B-4D29-8593-80DAC7232CB9}"
EndProject
Project("{2150E333-8FDC-42A3-9474-1A3956D46DE8}") = "WebTest", "WebTest", "{BE0CE3C7-21AF-4489-9A89-822CA5FBC481}"
EndProject
Project("{9A19103F-16F7-4668-BE54-9A1E7A4F7556}") = "YJC.Toolkit.SqlClient", "Data\YJC.Toolkit.SqlClient\YJC.Toolkit.SqlClient.csproj", "{0C5CAF1E-A6C1-4702-B315-7394859A4B72}"
EndProject
Project("{9A19103F-16F7-4668-BE54-9A1E7A4F7556}") = "YJC.Toolkit.WebApp", "CoreWeb\YJC.Toolkit.WebApp\YJC.Toolkit.WebApp.csproj", "{4A5A0B76-C8BA-48A6-ADF9-ED16A350F7F3}"
EndProject
Project("{9A19103F-16F7-4668-BE54-9A1E7A4F7556}") = "YJC.Toolkit.JWTLib", "Data\JoseJWT\YJC.Toolkit.JWTLib.csproj", "{E849D766-6B3E-46C0-9389-2BEEA37F638C}"
EndProject
Project("{9A19103F-16F7-4668-BE54-9A1E7A4F7556}") = "YJC.Toolkit.JWT", "Data\YJC.Toolkit.JWT\YJC.Toolkit.JWT.csproj", "{339DC69B-70AE-4E3B-8439-752DDEA19FDC}"
EndProject
Project("{9A19103F-16F7-4668-BE54-9A1E7A4F7556}") = "YJC.Toolkit.Razor.Web", "CoreWeb\YJC.Toolkit.Razor.Web\YJC.Toolkit.Razor.Web.csproj", "{0649436C-300F-470C-BBCD-97FC6061562A}"
EndProject
Project("{9A19103F-16F7-4668-BE54-9A1E7A4F7556}") = "YJC.Toolkit.Evaluator", "CoreData\YJC.Toolkit.Evaluator\YJC.Toolkit.Evaluator.csproj", "{9D0F143E-09CC-4BA0-BF4D-B6593A1455CC}"
EndProject
Project("{9A19103F-16F7-4668-BE54-9A1E7A4F7556}") = "YJC.Toolkit.Web.Common", "Data\YJC.Toolkit.Web.Common\YJC.Toolkit.Web.Common.csproj", "{4EE77844-DFF6-4FAD-AFA3-3AB6D3F112BB}"
EndProject
Project("{2150E333-8FDC-42A3-9474-1A3956D46DE8}") = "User", "User", "{45E587A0-1BDF-4188-927F-E5AF749E3A3C}"
EndProject
Project("{9A19103F-16F7-4668-BE54-9A1E7A4F7556}") = "YJC.Toolkit.LogOn", "User\YJC.Toolkit.LogOn\YJC.Toolkit.LogOn.csproj", "{4A66FAD3-5614-46A6-8F8E-4E8CB94EFFCC}"
EndProject
Project("{9A19103F-16F7-4668-BE54-9A1E7A4F7556}") = "YJC.Toolkit.SimpleRight", "User\YJC.Toolkit.SimpleRight\YJC.Toolkit.SimpleRight.csproj", "{909F62EE-094E-4EE2-82C9-41DB455DAC8F}"
EndProject
Project("{9A19103F-16F7-4668-BE54-9A1E7A4F7556}") = "YJC.Toolkit.SimpleUser.Data", "User\YJC.Toolkit.SimpleUser.Data\YJC.Toolkit.SimpleUser.Data.csproj", "{13FAFD05-F286-42F4-AAE6-8053F9257D20}"
EndProject
Project("{9A19103F-16F7-4668-BE54-9A1E7A4F7556}") = "YJC.Toolkit.MySql", "Data\YJC.Toolkit.MySql\YJC.Toolkit.MySql.csproj", "{2377A885-7B8D-476B-9723-1E42EAF42074}"
EndProject
Project("{9A19103F-16F7-4668-BE54-9A1E7A4F7556}") = "YJC.Toolkit.Cache", "Core\YJC.Toolkit.Cache\YJC.Toolkit.Cache.csproj", "{E499ABF2-BE1A-42B7-8290-A89253796F09}"
EndProject
Project("{9A19103F-16F7-4668-BE54-9A1E7A4F7556}") = "YJC.Toolkit.RedisCache", "Core\YJC.Toolkit.RedisCache\YJC.Toolkit.RedisCache.csproj", "{1092C1B4-4A05-4536-821C-E7DD102E3C77}"
EndProject
Project("{9A19103F-16F7-4668-BE54-9A1E7A4F7556}") = "YJC.Toolkit.SimpleUser.Data.Core", "User\YJC.Toolkit.SimpleUser.Data.Core\YJC.Toolkit.SimpleUser.Data.Core.csproj", "{4485C67C-A9C0-4D24-B233-B53F05FF6639}"
EndProject
Project("{9A19103F-16F7-4668-BE54-9A1E7A4F7556}") = "YJC.Toolkit.WebExtension", "Data\YJC.Toolkit.WebExtension\YJC.Toolkit.WebExtension.csproj", "{68039618-D3E3-40A4-9813-E6027C5CB60D}"
EndProject
Project("{9A19103F-16F7-4668-BE54-9A1E7A4F7556}") = "YJC.Toolkit.Razor.Web.Common", "Data\YJC.Toolkit.Razor.Web.Common\YJC.Toolkit.Razor.Web.Common.csproj", "{597903BF-61A0-4843-8338-63F7D5F9101C}"
EndProject
Project("{9A19103F-16F7-4668-BE54-9A1E7A4F7556}") = "YJC.Toolkit.Excel", "Data\YJC.Toolkit.Excel\YJC.Toolkit.Excel.csproj", "{272FAD00-4EBD-44B0-90C1-55538EC712A8}"
EndProject
Project("{9A19103F-16F7-4668-BE54-9A1E7A4F7556}") = "YJC.Toolkit.Excel.Web", "CoreWeb\YJC.Toolkit.Excel.Web\YJC.Toolkit.Excel.Web.csproj", "{21051486-3069-4E3F-BD67-5D03C62D33B7}"
EndProject
Project("{9A19103F-16F7-4668-BE54-9A1E7A4F7556}") = "YJC.Toolkit.MsSqlClient", "Data\YJC.Toolkit.MsSqlClient\YJC.Toolkit.MsSqlClient.csproj", "{B3CCC7CF-C54B-4162-B904-6D3F0DB20719}"
EndProject
Project("{9A19103F-16F7-4668-BE54-9A1E7A4F7556}") = "ToolkitWeb.nuget", "CoreWebTest\TestWeb\ToolkitWeb.nuget.csproj", "{CE837FAD-88BB-4F6B-9A4F-6699E89F3BF2}"
EndProject
Project("{9A19103F-16F7-4668-BE54-9A1E7A4F7556}") = "YJC.Toolkit.NodeJs", "CoreWeb\YJC.Toolkit.NodeJs\YJC.Toolkit.NodeJs.csproj", "{EC5FE449-C963-49D8-B278-BBBD468035EA}"
EndProject
Global
	GlobalSection(SolutionConfigurationPlatforms) = preSolution
		Debug|Any CPU = Debug|Any CPU
		Release|Any CPU = Release|Any CPU
	EndGlobalSection
	GlobalSection(ProjectConfigurationPlatforms) = postSolution
		{9AFF9CC4-42A6-471B-95C9-AF07CEBC19E5}.Debug|Any CPU.ActiveCfg = Debug|Any CPU
		{9AFF9CC4-42A6-471B-95C9-AF07CEBC19E5}.Debug|Any CPU.Build.0 = Debug|Any CPU
		{9AFF9CC4-42A6-471B-95C9-AF07CEBC19E5}.Release|Any CPU.ActiveCfg = Release|Any CPU
		{9AFF9CC4-42A6-471B-95C9-AF07CEBC19E5}.Release|Any CPU.Build.0 = Release|Any CPU
		{59F7B4ED-95AD-40B6-AD3B-419FE66C4521}.Debug|Any CPU.ActiveCfg = Debug|Any CPU
		{59F7B4ED-95AD-40B6-AD3B-419FE66C4521}.Debug|Any CPU.Build.0 = Debug|Any CPU
		{59F7B4ED-95AD-40B6-AD3B-419FE66C4521}.Release|Any CPU.ActiveCfg = Release|Any CPU
		{59F7B4ED-95AD-40B6-AD3B-419FE66C4521}.Release|Any CPU.Build.0 = Release|Any CPU
		{711B30CD-066C-4D32-AD35-5FBAC6104CD8}.Debug|Any CPU.ActiveCfg = Debug|Any CPU
		{711B30CD-066C-4D32-AD35-5FBAC6104CD8}.Debug|Any CPU.Build.0 = Debug|Any CPU
		{711B30CD-066C-4D32-AD35-5FBAC6104CD8}.Release|Any CPU.ActiveCfg = Release|Any CPU
		{711B30CD-066C-4D32-AD35-5FBAC6104CD8}.Release|Any CPU.Build.0 = Release|Any CPU
		{5922E5BD-4C19-457F-865C-98D4A50560EB}.Debug|Any CPU.ActiveCfg = Debug|Any CPU
		{5922E5BD-4C19-457F-865C-98D4A50560EB}.Debug|Any CPU.Build.0 = Debug|Any CPU
		{5922E5BD-4C19-457F-865C-98D4A50560EB}.Release|Any CPU.ActiveCfg = Release|Any CPU
		{5922E5BD-4C19-457F-865C-98D4A50560EB}.Release|Any CPU.Build.0 = Release|Any CPU
		{3083D7FD-73A2-4CE6-BF3A-46ED8DE65572}.Debug|Any CPU.ActiveCfg = Debug|Any CPU
		{3083D7FD-73A2-4CE6-BF3A-46ED8DE65572}.Debug|Any CPU.Build.0 = Debug|Any CPU
		{3083D7FD-73A2-4CE6-BF3A-46ED8DE65572}.Release|Any CPU.ActiveCfg = Release|Any CPU
		{3083D7FD-73A2-4CE6-BF3A-46ED8DE65572}.Release|Any CPU.Build.0 = Release|Any CPU
		{0C5CAF1E-A6C1-4702-B315-7394859A4B72}.Debug|Any CPU.ActiveCfg = Debug|Any CPU
		{0C5CAF1E-A6C1-4702-B315-7394859A4B72}.Debug|Any CPU.Build.0 = Debug|Any CPU
		{0C5CAF1E-A6C1-4702-B315-7394859A4B72}.Release|Any CPU.ActiveCfg = Release|Any CPU
		{0C5CAF1E-A6C1-4702-B315-7394859A4B72}.Release|Any CPU.Build.0 = Release|Any CPU
		{4A5A0B76-C8BA-48A6-ADF9-ED16A350F7F3}.Debug|Any CPU.ActiveCfg = Debug|Any CPU
		{4A5A0B76-C8BA-48A6-ADF9-ED16A350F7F3}.Debug|Any CPU.Build.0 = Debug|Any CPU
		{4A5A0B76-C8BA-48A6-ADF9-ED16A350F7F3}.Release|Any CPU.ActiveCfg = Release|Any CPU
		{4A5A0B76-C8BA-48A6-ADF9-ED16A350F7F3}.Release|Any CPU.Build.0 = Release|Any CPU
		{E849D766-6B3E-46C0-9389-2BEEA37F638C}.Debug|Any CPU.ActiveCfg = Debug|Any CPU
		{E849D766-6B3E-46C0-9389-2BEEA37F638C}.Debug|Any CPU.Build.0 = Debug|Any CPU
		{E849D766-6B3E-46C0-9389-2BEEA37F638C}.Release|Any CPU.ActiveCfg = Release|Any CPU
		{E849D766-6B3E-46C0-9389-2BEEA37F638C}.Release|Any CPU.Build.0 = Release|Any CPU
		{339DC69B-70AE-4E3B-8439-752DDEA19FDC}.Debug|Any CPU.ActiveCfg = Debug|Any CPU
		{339DC69B-70AE-4E3B-8439-752DDEA19FDC}.Debug|Any CPU.Build.0 = Debug|Any CPU
		{339DC69B-70AE-4E3B-8439-752DDEA19FDC}.Release|Any CPU.ActiveCfg = Release|Any CPU
		{339DC69B-70AE-4E3B-8439-752DDEA19FDC}.Release|Any CPU.Build.0 = Release|Any CPU
		{0649436C-300F-470C-BBCD-97FC6061562A}.Debug|Any CPU.ActiveCfg = Debug|Any CPU
		{0649436C-300F-470C-BBCD-97FC6061562A}.Debug|Any CPU.Build.0 = Debug|Any CPU
		{0649436C-300F-470C-BBCD-97FC6061562A}.Release|Any CPU.ActiveCfg = Release|Any CPU
		{0649436C-300F-470C-BBCD-97FC6061562A}.Release|Any CPU.Build.0 = Release|Any CPU
		{9D0F143E-09CC-4BA0-BF4D-B6593A1455CC}.Debug|Any CPU.ActiveCfg = Debug|Any CPU
		{9D0F143E-09CC-4BA0-BF4D-B6593A1455CC}.Debug|Any CPU.Build.0 = Debug|Any CPU
		{9D0F143E-09CC-4BA0-BF4D-B6593A1455CC}.Release|Any CPU.ActiveCfg = Release|Any CPU
		{9D0F143E-09CC-4BA0-BF4D-B6593A1455CC}.Release|Any CPU.Build.0 = Release|Any CPU
		{4EE77844-DFF6-4FAD-AFA3-3AB6D3F112BB}.Debug|Any CPU.ActiveCfg = Debug|Any CPU
		{4EE77844-DFF6-4FAD-AFA3-3AB6D3F112BB}.Debug|Any CPU.Build.0 = Debug|Any CPU
		{4EE77844-DFF6-4FAD-AFA3-3AB6D3F112BB}.Release|Any CPU.ActiveCfg = Release|Any CPU
		{4EE77844-DFF6-4FAD-AFA3-3AB6D3F112BB}.Release|Any CPU.Build.0 = Release|Any CPU
		{4A66FAD3-5614-46A6-8F8E-4E8CB94EFFCC}.Debug|Any CPU.ActiveCfg = Debug|Any CPU
		{4A66FAD3-5614-46A6-8F8E-4E8CB94EFFCC}.Debug|Any CPU.Build.0 = Debug|Any CPU
		{4A66FAD3-5614-46A6-8F8E-4E8CB94EFFCC}.Release|Any CPU.ActiveCfg = Release|Any CPU
		{4A66FAD3-5614-46A6-8F8E-4E8CB94EFFCC}.Release|Any CPU.Build.0 = Release|Any CPU
		{909F62EE-094E-4EE2-82C9-41DB455DAC8F}.Debug|Any CPU.ActiveCfg = Debug|Any CPU
		{909F62EE-094E-4EE2-82C9-41DB455DAC8F}.Debug|Any CPU.Build.0 = Debug|Any CPU
		{909F62EE-094E-4EE2-82C9-41DB455DAC8F}.Release|Any CPU.ActiveCfg = Release|Any CPU
		{909F62EE-094E-4EE2-82C9-41DB455DAC8F}.Release|Any CPU.Build.0 = Release|Any CPU
		{13FAFD05-F286-42F4-AAE6-8053F9257D20}.Debug|Any CPU.ActiveCfg = Debug|Any CPU
		{13FAFD05-F286-42F4-AAE6-8053F9257D20}.Debug|Any CPU.Build.0 = Debug|Any CPU
		{13FAFD05-F286-42F4-AAE6-8053F9257D20}.Release|Any CPU.ActiveCfg = Release|Any CPU
		{13FAFD05-F286-42F4-AAE6-8053F9257D20}.Release|Any CPU.Build.0 = Release|Any CPU
		{2377A885-7B8D-476B-9723-1E42EAF42074}.Debug|Any CPU.ActiveCfg = Debug|Any CPU
		{2377A885-7B8D-476B-9723-1E42EAF42074}.Debug|Any CPU.Build.0 = Debug|Any CPU
		{2377A885-7B8D-476B-9723-1E42EAF42074}.Release|Any CPU.ActiveCfg = Release|Any CPU
		{2377A885-7B8D-476B-9723-1E42EAF42074}.Release|Any CPU.Build.0 = Release|Any CPU
		{E499ABF2-BE1A-42B7-8290-A89253796F09}.Debug|Any CPU.ActiveCfg = Debug|Any CPU
		{E499ABF2-BE1A-42B7-8290-A89253796F09}.Debug|Any CPU.Build.0 = Debug|Any CPU
		{E499ABF2-BE1A-42B7-8290-A89253796F09}.Release|Any CPU.ActiveCfg = Release|Any CPU
		{E499ABF2-BE1A-42B7-8290-A89253796F09}.Release|Any CPU.Build.0 = Release|Any CPU
		{1092C1B4-4A05-4536-821C-E7DD102E3C77}.Debug|Any CPU.ActiveCfg = Debug|Any CPU
		{1092C1B4-4A05-4536-821C-E7DD102E3C77}.Debug|Any CPU.Build.0 = Debug|Any CPU
		{1092C1B4-4A05-4536-821C-E7DD102E3C77}.Release|Any CPU.ActiveCfg = Release|Any CPU
		{1092C1B4-4A05-4536-821C-E7DD102E3C77}.Release|Any CPU.Build.0 = Release|Any CPU
		{4485C67C-A9C0-4D24-B233-B53F05FF6639}.Debug|Any CPU.ActiveCfg = Debug|Any CPU
		{4485C67C-A9C0-4D24-B233-B53F05FF6639}.Debug|Any CPU.Build.0 = Debug|Any CPU
		{4485C67C-A9C0-4D24-B233-B53F05FF6639}.Release|Any CPU.ActiveCfg = Release|Any CPU
		{4485C67C-A9C0-4D24-B233-B53F05FF6639}.Release|Any CPU.Build.0 = Release|Any CPU
		{68039618-D3E3-40A4-9813-E6027C5CB60D}.Debug|Any CPU.ActiveCfg = Debug|Any CPU
		{68039618-D3E3-40A4-9813-E6027C5CB60D}.Debug|Any CPU.Build.0 = Debug|Any CPU
		{68039618-D3E3-40A4-9813-E6027C5CB60D}.Release|Any CPU.ActiveCfg = Release|Any CPU
		{68039618-D3E3-40A4-9813-E6027C5CB60D}.Release|Any CPU.Build.0 = Release|Any CPU
		{597903BF-61A0-4843-8338-63F7D5F9101C}.Debug|Any CPU.ActiveCfg = Debug|Any CPU
		{597903BF-61A0-4843-8338-63F7D5F9101C}.Debug|Any CPU.Build.0 = Debug|Any CPU
		{597903BF-61A0-4843-8338-63F7D5F9101C}.Release|Any CPU.ActiveCfg = Release|Any CPU
		{597903BF-61A0-4843-8338-63F7D5F9101C}.Release|Any CPU.Build.0 = Release|Any CPU
		{272FAD00-4EBD-44B0-90C1-55538EC712A8}.Debug|Any CPU.ActiveCfg = Debug|Any CPU
		{272FAD00-4EBD-44B0-90C1-55538EC712A8}.Debug|Any CPU.Build.0 = Debug|Any CPU
		{272FAD00-4EBD-44B0-90C1-55538EC712A8}.Release|Any CPU.ActiveCfg = Release|Any CPU
		{272FAD00-4EBD-44B0-90C1-55538EC712A8}.Release|Any CPU.Build.0 = Release|Any CPU
		{21051486-3069-4E3F-BD67-5D03C62D33B7}.Debug|Any CPU.ActiveCfg = Debug|Any CPU
		{21051486-3069-4E3F-BD67-5D03C62D33B7}.Debug|Any CPU.Build.0 = Debug|Any CPU
		{21051486-3069-4E3F-BD67-5D03C62D33B7}.Release|Any CPU.ActiveCfg = Release|Any CPU
		{21051486-3069-4E3F-BD67-5D03C62D33B7}.Release|Any CPU.Build.0 = Release|Any CPU
		{B3CCC7CF-C54B-4162-B904-6D3F0DB20719}.Debug|Any CPU.ActiveCfg = Debug|Any CPU
		{B3CCC7CF-C54B-4162-B904-6D3F0DB20719}.Debug|Any CPU.Build.0 = Debug|Any CPU
		{B3CCC7CF-C54B-4162-B904-6D3F0DB20719}.Release|Any CPU.ActiveCfg = Release|Any CPU
		{B3CCC7CF-C54B-4162-B904-6D3F0DB20719}.Release|Any CPU.Build.0 = Release|Any CPU
		{CE837FAD-88BB-4F6B-9A4F-6699E89F3BF2}.Debug|Any CPU.ActiveCfg = Debug|Any CPU
		{CE837FAD-88BB-4F6B-9A4F-6699E89F3BF2}.Debug|Any CPU.Build.0 = Debug|Any CPU
		{CE837FAD-88BB-4F6B-9A4F-6699E89F3BF2}.Release|Any CPU.ActiveCfg = Release|Any CPU
		{CE837FAD-88BB-4F6B-9A4F-6699E89F3BF2}.Release|Any CPU.Build.0 = Release|Any CPU
		{EC5FE449-C963-49D8-B278-BBBD468035EA}.Debug|Any CPU.ActiveCfg = Debug|Any CPU
		{EC5FE449-C963-49D8-B278-BBBD468035EA}.Debug|Any CPU.Build.0 = Debug|Any CPU
		{EC5FE449-C963-49D8-B278-BBBD468035EA}.Release|Any CPU.ActiveCfg = Release|Any CPU
		{EC5FE449-C963-49D8-B278-BBBD468035EA}.Release|Any CPU.Build.0 = Release|Any CPU
	EndGlobalSection
	GlobalSection(SolutionProperties) = preSolution
		HideSolutionNode = FALSE
	EndGlobalSection
	GlobalSection(NestedProjects) = preSolution
		{9AFF9CC4-42A6-471B-95C9-AF07CEBC19E5} = {EE30E8E3-12D7-4738-A6CA-745172A1BC66}
		{59F7B4ED-95AD-40B6-AD3B-419FE66C4521} = {EE30E8E3-12D7-4738-A6CA-745172A1BC66}
		{711B30CD-066C-4D32-AD35-5FBAC6104CD8} = {5D4AC09B-83D3-4267-822D-5151E1DA018F}
		{5922E5BD-4C19-457F-865C-98D4A50560EB} = {5D4AC09B-83D3-4267-822D-5151E1DA018F}
		{3083D7FD-73A2-4CE6-BF3A-46ED8DE65572} = {5D4AC09B-83D3-4267-822D-5151E1DA018F}
		{0C5CAF1E-A6C1-4702-B315-7394859A4B72} = {5D4AC09B-83D3-4267-822D-5151E1DA018F}
		{4A5A0B76-C8BA-48A6-ADF9-ED16A350F7F3} = {AB1FACB9-831B-4D29-8593-80DAC7232CB9}
		{E849D766-6B3E-46C0-9389-2BEEA37F638C} = {5D4AC09B-83D3-4267-822D-5151E1DA018F}
		{339DC69B-70AE-4E3B-8439-752DDEA19FDC} = {5D4AC09B-83D3-4267-822D-5151E1DA018F}
		{0649436C-300F-470C-BBCD-97FC6061562A} = {AB1FACB9-831B-4D29-8593-80DAC7232CB9}
		{9D0F143E-09CC-4BA0-BF4D-B6593A1455CC} = {5D4AC09B-83D3-4267-822D-5151E1DA018F}
		{4EE77844-DFF6-4FAD-AFA3-3AB6D3F112BB} = {AB1FACB9-831B-4D29-8593-80DAC7232CB9}
		{4A66FAD3-5614-46A6-8F8E-4E8CB94EFFCC} = {45E587A0-1BDF-4188-927F-E5AF749E3A3C}
		{909F62EE-094E-4EE2-82C9-41DB455DAC8F} = {45E587A0-1BDF-4188-927F-E5AF749E3A3C}
		{13FAFD05-F286-42F4-AAE6-8053F9257D20} = {45E587A0-1BDF-4188-927F-E5AF749E3A3C}
		{2377A885-7B8D-476B-9723-1E42EAF42074} = {5D4AC09B-83D3-4267-822D-5151E1DA018F}
		{E499ABF2-BE1A-42B7-8290-A89253796F09} = {EE30E8E3-12D7-4738-A6CA-745172A1BC66}
		{1092C1B4-4A05-4536-821C-E7DD102E3C77} = {EE30E8E3-12D7-4738-A6CA-745172A1BC66}
		{4485C67C-A9C0-4D24-B233-B53F05FF6639} = {45E587A0-1BDF-4188-927F-E5AF749E3A3C}
		{68039618-D3E3-40A4-9813-E6027C5CB60D} = {5D4AC09B-83D3-4267-822D-5151E1DA018F}
		{597903BF-61A0-4843-8338-63F7D5F9101C} = {AB1FACB9-831B-4D29-8593-80DAC7232CB9}
		{272FAD00-4EBD-44B0-90C1-55538EC712A8} = {5D4AC09B-83D3-4267-822D-5151E1DA018F}
		{21051486-3069-4E3F-BD67-5D03C62D33B7} = {AB1FACB9-831B-4D29-8593-80DAC7232CB9}
		{B3CCC7CF-C54B-4162-B904-6D3F0DB20719} = {5D4AC09B-83D3-4267-822D-5151E1DA018F}
		{CE837FAD-88BB-4F6B-9A4F-6699E89F3BF2} = {BE0CE3C7-21AF-4489-9A89-822CA5FBC481}
		{EC5FE449-C963-49D8-B278-BBBD468035EA} = {AB1FACB9-831B-4D29-8593-80DAC7232CB9}
	EndGlobalSection
	GlobalSection(ExtensibilityGlobals) = postSolution
		SolutionGuid = {961E880F-C614-4D1F-9C36-72BAEFDB7DAA}
	EndGlobalSection
EndGlobal
