
Microsoft Visual Studio Solution File, Format Version 12.00
# Visual Studio Version 16
VisualStudioVersion = 16.0.29123.88
MinimumVisualStudioVersion = 10.0.40219.1
Project("{9A19103F-16F7-4668-BE54-9A1E7A4F7556}") = "YJC.Toolkit.Core", "Core\YJC.Toolkit.Core\YJC.Toolkit.Core.csproj", "{9AFF9CC4-42A6-471B-95C9-AF07CEBC19E5}"
EndProject
Project("{2150E333-8FDC-42A3-9474-1A3956D46DE8}") = "Core", "Core", "{EE30E8E3-12D7-4738-A6CA-745172A1BC66}"
EndProject
Project("{9A19103F-16F7-4668-BE54-9A1E7A4F7556}") = "YJC.Toolkit.MetaData", "Core\YJC.Toolkit.MetaData\YJC.Toolkit.MetaData.csproj", "{59F7B4ED-95AD-40B6-AD3B-419FE66C4521}"
EndProject
Project("{2150E333-8FDC-42A3-9474-1A3956D46DE8}") = "Data", "Data", "{5D4AC09B-83D3-4267-822D-5151E1DA018F}"
EndProject
Project("{9A19103F-16F7-4668-BE54-9A1E7A4F7556}") = "YJC.Toolkit.Data", "Data\YJC.Toolkit.Data\YJC.Toolkit.Data.csproj", "{711B30CD-066C-4D32-AD35-5FBAC6104CD8}"
EndProject
Project("{9A19103F-16F7-4668-BE54-9A1E7A4F7556}") = "YJC.Toolkit.AdoData", "Data\YJC.Toolkit.AdoData\YJC.Toolkit.AdoData.csproj", "{5922E5BD-4C19-457F-865C-98D4A50560EB}"
EndProject
Project("{9A19103F-16F7-4668-BE54-9A1E7A4F7556}") = "YJC.Toolkit.Razor", "Data\YJC.Toolkit.Razor\YJC.Toolkit.Razor.csproj", "{3083D7FD-73A2-4CE6-BF3A-46ED8DE65572}"
EndProject
Project("{2150E333-8FDC-42A3-9474-1A3956D46DE8}") = "App", "App", "{47009B94-FEA5-4111-8CB3-E1743F7B4CCE}"
EndProject
Project("{2150E333-8FDC-42A3-9474-1A3956D46DE8}") = "Web", "Web", "{AB1FACB9-831B-4D29-8593-80DAC7232CB9}"
EndProject
Project("{2150E333-8FDC-42A3-9474-1A3956D46DE8}") = "Test", "Test", "{F92E198F-CD30-4724-B120-789330BE83FE}"
EndProject
Project("{2150E333-8FDC-42A3-9474-1A3956D46DE8}") = "WebTest", "WebTest", "{BE0CE3C7-21AF-4489-9A89-822CA5FBC481}"
EndProject
Project("{9A19103F-16F7-4668-BE54-9A1E7A4F7556}") = "YJC.Toolkit.Core.ConsoleApp", "CoreApp\YJC.Toolkit.Core.ConsoleApp\YJC.Toolkit.Core.ConsoleApp.csproj", "{2A66AF23-5B08-436A-B208-66D8A9AB8675}"
EndProject
Project("{9A19103F-16F7-4668-BE54-9A1E7A4F7556}") = "YJC.Toolkit.Core.ToolApp", "CoreApp\YJC.Toolkit.Core.ToolApp\YJC.Toolkit.Core.ToolApp.csproj", "{286032B3-A04D-4642-A442-E3D0095892A8}"
EndProject
Project("{9A19103F-16F7-4668-BE54-9A1E7A4F7556}") = "YJC.Toolkit.Core.TestApp", "CoreApp\YJC.Toolkit.Core.TestApp\YJC.Toolkit.Core.TestApp.csproj", "{7703C4AC-D3B9-4E00-B282-AF2981F5A653}"
EndProject
Project("{9A19103F-16F7-4668-BE54-9A1E7A4F7556}") = "TestToolApp", "CoreTest\TestToolApp\TestToolApp.csproj", "{61F97F35-C342-4035-ABA5-BD4209A85546}"
EndProject
Project("{9A19103F-16F7-4668-BE54-9A1E7A4F7556}") = "YJC.Toolkit.SqlClient", "Data\YJC.Toolkit.SqlClient\YJC.Toolkit.SqlClient.csproj", "{0C5CAF1E-A6C1-4702-B315-7394859A4B72}"
EndProject
Project("{9A19103F-16F7-4668-BE54-9A1E7A4F7556}") = "TestConsoleApp", "CoreTest\TestConsoleApp\TestConsoleApp.csproj", "{EEF125D9-2D84-4155-8A7F-841B5C66D84B}"
EndProject
Project("{9A19103F-16F7-4668-BE54-9A1E7A4F7556}") = "UnitTest", "CoreTest\UnitTest\UnitTest.csproj", "{2B53EB01-93AD-4CDE-85DC-332AA8A851EB}"
EndProject
Project("{9A19103F-16F7-4668-BE54-9A1E7A4F7556}") = "YJC.Toolkit.WebApp", "CoreWeb\YJC.Toolkit.WebApp\YJC.Toolkit.WebApp.csproj", "{4A5A0B76-C8BA-48A6-ADF9-ED16A350F7F3}"
EndProject
Project("{9A19103F-16F7-4668-BE54-9A1E7A4F7556}") = "YJC.Toolkit.JWTLib", "Data\JoseJWT\YJC.Toolkit.JWTLib.csproj", "{E849D766-6B3E-46C0-9389-2BEEA37F638C}"
EndProject
Project("{9A19103F-16F7-4668-BE54-9A1E7A4F7556}") = "TestJWT", "CoreTest\TestJWT\TestJWT.csproj", "{802F0173-E783-42A7-AC4B-B774CDA4EF79}"
EndProject
Project("{9A19103F-16F7-4668-BE54-9A1E7A4F7556}") = "YJC.Toolkit.JWT", "Data\YJC.Toolkit.JWT\YJC.Toolkit.JWT.csproj", "{339DC69B-70AE-4E3B-8439-752DDEA19FDC}"
EndProject
Project("{9A19103F-16F7-4668-BE54-9A1E7A4F7556}") = "YJC.Toolkit.Razor.Web", "CoreWeb\YJC.Toolkit.Razor.Web\YJC.Toolkit.Razor.Web.csproj", "{0649436C-300F-470C-BBCD-97FC6061562A}"
EndProject
Project("{9A19103F-16F7-4668-BE54-9A1E7A4F7556}") = "ToolkitWeb", "CoreWebTest\TestWeb\ToolkitWeb.csproj", "{63069847-0DB1-4E53-A39E-ABBFEECDAC43}"
EndProject
Project("{9A19103F-16F7-4668-BE54-9A1E7A4F7556}") = "YJC.Toolkit.Evaluator", "CoreData\YJC.Toolkit.Evaluator\YJC.Toolkit.Evaluator.csproj", "{9D0F143E-09CC-4BA0-BF4D-B6593A1455CC}"
EndProject
Project("{9A19103F-16F7-4668-BE54-9A1E7A4F7556}") = "YJC.Toolkit.Web.Common", "Data\YJC.Toolkit.Web.Common\YJC.Toolkit.Web.Common.csproj", "{4EE77844-DFF6-4FAD-AFA3-3AB6D3F112BB}"
EndProject
Project("{2150E333-8FDC-42A3-9474-1A3956D46DE8}") = "User", "User", "{45E587A0-1BDF-4188-927F-E5AF749E3A3C}"
EndProject
Project("{9A19103F-16F7-4668-BE54-9A1E7A4F7556}") = "YJC.Toolkit.LogOn", "User\YJC.Toolkit.LogOn\YJC.Toolkit.LogOn.csproj", "{4A66FAD3-5614-46A6-8F8E-4E8CB94EFFCC}"
EndProject
Project("{9A19103F-16F7-4668-BE54-9A1E7A4F7556}") = "YJC.Toolkit.SimpleRight", "User\YJC.Toolkit.SimpleRight\YJC.Toolkit.SimpleRight.csproj", "{909F62EE-094E-4EE2-82C9-41DB455DAC8F}"
EndProject
Project("{9A19103F-16F7-4668-BE54-9A1E7A4F7556}") = "YJC.Toolkit.SimpleUser.Data", "User\YJC.Toolkit.SimpleUser.Data\YJC.Toolkit.SimpleUser.Data.csproj", "{13FAFD05-F286-42F4-AAE6-8053F9257D20}"
EndProject
Project("{9A19103F-16F7-4668-BE54-9A1E7A4F7556}") = "YJC.Toolkit.MySql", "Data\YJC.Toolkit.MySql\YJC.Toolkit.MySql.csproj", "{2377A885-7B8D-476B-9723-1E42EAF42074}"
EndProject
Project("{9A19103F-16F7-4668-BE54-9A1E7A4F7556}") = "RedisTest", "CoreTest\RedisTest\RedisTest.csproj", "{E10173FA-C9C7-42DA-BCCB-A56D112AB592}"
EndProject
Project("{9A19103F-16F7-4668-BE54-9A1E7A4F7556}") = "YJC.Toolkit.Cache", "Core\YJC.Toolkit.Cache\YJC.Toolkit.Cache.csproj", "{E499ABF2-BE1A-42B7-8290-A89253796F09}"
EndProject
Project("{9A19103F-16F7-4668-BE54-9A1E7A4F7556}") = "YJC.Toolkit.RedisCache", "Core\YJC.Toolkit.RedisCache\YJC.Toolkit.RedisCache.csproj", "{1092C1B4-4A05-4536-821C-E7DD102E3C77}"
EndProject
Project("{9A19103F-16F7-4668-BE54-9A1E7A4F7556}") = "YJC.Toolkit.SimpleUser.Data.Core", "User\YJC.Toolkit.SimpleUser.Data.Core\YJC.Toolkit.SimpleUser.Data.Core.csproj", "{4485C67C-A9C0-4D24-B233-B53F05FF6639}"
EndProject
Project("{9A19103F-16F7-4668-BE54-9A1E7A4F7556}") = "YJC.Toolkit.WebExtension", "Data\YJC.Toolkit.WebExtension\YJC.Toolkit.WebExtension.csproj", "{68039618-D3E3-40A4-9813-E6027C5CB60D}"
EndProject
Project("{9A19103F-16F7-4668-BE54-9A1E7A4F7556}") = "YJC.Toolkit.Razor.Web.Common", "Data\YJC.Toolkit.Razor.Web.Common\YJC.Toolkit.Razor.Web.Common.csproj", "{597903BF-61A0-4843-8338-63F7D5F9101C}"
EndProject
Project("{9A19103F-16F7-4668-BE54-9A1E7A4F7556}") = "YJC.Toolkit.Excel", "Data\YJC.Toolkit.Excel\YJC.Toolkit.Excel.csproj", "{272FAD00-4EBD-44B0-90C1-55538EC712A8}"
EndProject
Project("{9A19103F-16F7-4668-BE54-9A1E7A4F7556}") = "YJC.Toolkit.Excel.Web", "CoreWeb\YJC.Toolkit.Excel.Web\YJC.Toolkit.Excel.Web.csproj", "{21051486-3069-4E3F-BD67-5D03C62D33B7}"
EndProject
Project("{9A19103F-16F7-4668-BE54-9A1E7A4F7556}") = "YJC.Toolkit.MsSqlClient", "Data\YJC.Toolkit.MsSqlClient\YJC.Toolkit.MsSqlClient.csproj", "{B3CCC7CF-C54B-4162-B904-6D3F0DB20719}"
EndProject
Project("{9A19103F-16F7-4668-BE54-9A1E7A4F7556}") = "TestData", "CoreTest\TestData\TestData.csproj", "{8449DBEC-4205-4B40-85D5-C9A5D6CD7CF8}"
EndProject
Project("{9A19103F-16F7-4668-BE54-9A1E7A4F7556}") = "TestNode", "CoreTest\TestNode\TestNode.csproj", "{07D4CAD1-0D50-4A52-95E5-CAFAEC04A257}"
EndProject
Project("{9A19103F-16F7-4668-BE54-9A1E7A4F7556}") = "NodePlug", "CoreTest\NodePlug\NodePlug.csproj", "{4F3CDAA9-D1C6-471E-8D14-DF99BE783A76}"
EndProject
Project("{9A19103F-16F7-4668-BE54-9A1E7A4F7556}") = "YJC.Toolkit.NodeJs", "CoreWeb\YJC.Toolkit.NodeJs\YJC.Toolkit.NodeJs.csproj", "{BCC42CD1-1E99-429C-AA61-CA877C900FCE}"
EndProject
Project("{2150E333-8FDC-42A3-9474-1A3956D46DE8}") = "Workflow", "Workflow", "{C72371CB-3E52-44FA-9A23-964B3310FF0C}"
EndProject
Project("{9A19103F-16F7-4668-BE54-9A1E7A4F7556}") = "YJC.Toolkit.UserIntf", "Workflow\YJC.Toolkit.UserIntf\YJC.Toolkit.UserIntf.csproj", "{40E1FE06-B417-445F-9120-2B0F815C2B79}"
EndProject
Project("{9A19103F-16F7-4668-BE54-9A1E7A4F7556}") = "YJC.Toolkit.SimpleRight.UserIntf", "User\YJC.Toolkit.SimpleRight.UserIntf\YJC.Toolkit.SimpleRight.UserIntf.csproj", "{FE8E72E7-2FF8-4674-80B6-8B213FA4B2C4}"
EndProject
Project("{9A19103F-16F7-4668-BE54-9A1E7A4F7556}") = "YJC.Toolkit.SimpleWorkflow", "Workflow\YJC.Toolkit.SimpleWorkflow\YJC.Toolkit.SimpleWorkflow.csproj", "{34B95393-8C32-424A-AA6E-73B4D996E748}"
EndProject
Project("{9A19103F-16F7-4668-BE54-9A1E7A4F7556}") = "YJC.Toolkit.SimpleWorkflow.Web", "Workflow\YJC.Toolkit.SimpleWorkflow.Web\YJC.Toolkit.SimpleWorkflow.Web.csproj", "{12B817F9-508F-4FC1-81DC-E46DE2E14AF8}"
EndProject
Project("{9A19103F-16F7-4668-BE54-9A1E7A4F7556}") = "WfConsole", "Workflow\WfConsole\WfConsole.csproj", "{74692E8E-2688-4D87-8ECC-ED69B2B0557B}"
EndProject
Project("{9A19103F-16F7-4668-BE54-9A1E7A4F7556}") = "TestWfData", "Workflow\TestWfData\TestWfData.csproj", "{D2AA5A84-C81B-4EC4-BD76-56C6412D99B2}"
EndProject
Project("{9A19103F-16F7-4668-BE54-9A1E7A4F7556}") = "YJC.Toolkit.HtmlExtension", "Data\YJC.Toolkit.HtmlExtension\YJC.Toolkit.HtmlExtension.csproj", "{54882FE6-CF77-42B7-B2A7-95F6995D92AF}"
EndProject
Project("{9A19103F-16F7-4668-BE54-9A1E7A4F7556}") = "YJC.Toolkit.Tenant", "Data\YJC.Toolkit.Tenant\YJC.Toolkit.Tenant.csproj", "{0DD81387-B94A-4FC0-87FB-A256A2150C17}"
EndProject
Project("{9A19103F-16F7-4668-BE54-9A1E7A4F7556}") = "YJC.Toolkit.AliyunOSS", "CoreData\YJC.Toolkit.AliyunOSS\YJC.Toolkit.AliyunOSS.csproj", "{4F7D5F5B-4C92-49B0-91CE-F837671802D6}"
EndProject
Project("{2150E333-8FDC-42A3-9474-1A3956D46DE8}") = "IM", "IM", "{06B3B7D6-C789-4064-858A-D1695EA9D028}"
EndProject
Project("{9A19103F-16F7-4668-BE54-9A1E7A4F7556}") = "YJC.Toolkit.IM", "IM\YJC.Toolkit.IM\YJC.Toolkit.IM.csproj", "{0AC0FCAC-2155-45D6-9BEE-DBD84F6F9D56}"
EndProject
Project("{9A19103F-16F7-4668-BE54-9A1E7A4F7556}") = "TestIM", "CoreTest\TestIM\TestIM.csproj", "{2B1820D9-521F-493D-B2B1-53229D9EE361}"
EndProject
Project("{9A19103F-16F7-4668-BE54-9A1E7A4F7556}") = "YJC.Toolkit.Weixin2.Common", "IM\YJC.Toolkit.Weixin2.Common\YJC.Toolkit.Weixin2.Common.csproj", "{806B5F42-709B-4DF4-98EA-53D714937D4B}"
EndProject
Project("{9A19103F-16F7-4668-BE54-9A1E7A4F7556}") = "YJC.Toolkit.Weixin2.WeChat", "IM\YJC.Toolkit.Weixin2.WeChat\YJC.Toolkit.Weixin2.WeChat.csproj", "{CA51B9D8-66A4-4743-8157-425C707FDF43}"
EndProject
Project("{9A19103F-16F7-4668-BE54-9A1E7A4F7556}") = "YJC.Toolkit.Weixin2.WeChat.Data", "IM\YJC.Toolkit.Weixin2.WeChat.Data\YJC.Toolkit.Weixin2.WeChat.Data.csproj", "{8866FA48-E6DF-4696-BB85-320273727FCC}"
EndProject
Project("{9A19103F-16F7-4668-BE54-9A1E7A4F7556}") = "YJC.Toolkit.DingTalk", "IM\YJC.Toolkit.DingTalk\YJC.Toolkit.DingTalk.csproj", "{349C17FC-5050-49CD-8C25-8C5B91AAFDED}"
EndProject
Project("{9A19103F-16F7-4668-BE54-9A1E7A4F7556}") = "YJC.Toolkit.Weixin2.WeCorp", "IM\YJC.Toolkit.Weixin2.WeCorp\YJC.Toolkit.Weixin2.WeCorp.csproj", "{3F382D39-72FE-4B4D-89F3-E67B05C1397E}"
EndProject
Project("{9A19103F-16F7-4668-BE54-9A1E7A4F7556}") = "DingTalkModel", "IM\DingTalkModel\DingTalkModel.csproj", "{AE27C965-C1D7-4ACA-9DD6-0B89CF14E907}"
EndProject
Project("{9A19103F-16F7-4668-BE54-9A1E7A4F7556}") = "WeCorpModel", "IM\WeCorpModel\WeCorpModel.csproj", "{6049AEB6-1498-4091-B94F-29AE93CAC958}"
EndProject
Project("{9A19103F-16F7-4668-BE54-9A1E7A4F7556}") = "YJC.Toolkit.Weixin2.WeChat.Web", "IM\YJC.Toolkit.Weixin2.WeChat.Web\YJC.Toolkit.Weixin2.WeChat.Web.csproj", "{E727BFB6-1DA7-4D93-A39E-3105CCD91A64}"
EndProject
Project("{9A19103F-16F7-4668-BE54-9A1E7A4F7556}") = "YJC.Toolkit.SysFunction", "CoreData\YJC.Toolkit.SysFunction\YJC.Toolkit.SysFunction.csproj", "{42549F44-6CE9-428C-92A6-77E09B732856}"
EndProject
Project("{9A19103F-16F7-4668-BE54-9A1E7A4F7556}") = "SchemaPage", "CoreTest\SchemaPage\SchemaPage.csproj", "{860F97CB-12F7-4CB0-BAB1-5171517FF870}"
EndProject
Project("{FAE04EC0-301F-11D3-BF4B-00C04F79EFBC}") = "YJC.Toolkit.NewControl", "Data\YJC.Toolkit.NewControl\YJC.Toolkit.NewControl.csproj", "{AF9F83A3-6514-4BE2-95CB-9FE0FC3B711E}"
EndProject
Global
	GlobalSection(SolutionConfigurationPlatforms) = preSolution
		Debug|Any CPU = Debug|Any CPU
		Release|Any CPU = Release|Any CPU
	EndGlobalSection
	GlobalSection(ProjectConfigurationPlatforms) = postSolution
		{9AFF9CC4-42A6-471B-95C9-AF07CEBC19E5}.Debug|Any CPU.ActiveCfg = Debug|Any CPU
		{9AFF9CC4-42A6-471B-95C9-AF07CEBC19E5}.Debug|Any CPU.Build.0 = Debug|Any CPU
		{9AFF9CC4-42A6-471B-95C9-AF07CEBC19E5}.Release|Any CPU.ActiveCfg = Release|Any CPU
		{9AFF9CC4-42A6-471B-95C9-AF07CEBC19E5}.Release|Any CPU.Build.0 = Release|Any CPU
		{59F7B4ED-95AD-40B6-AD3B-419FE66C4521}.Debug|Any CPU.ActiveCfg = Debug|Any CPU
		{59F7B4ED-95AD-40B6-AD3B-419FE66C4521}.Debug|Any CPU.Build.0 = Debug|Any CPU
		{59F7B4ED-95AD-40B6-AD3B-419FE66C4521}.Release|Any CPU.ActiveCfg = Release|Any CPU
		{59F7B4ED-95AD-40B6-AD3B-419FE66C4521}.Release|Any CPU.Build.0 = Release|Any CPU
		{711B30CD-066C-4D32-AD35-5FBAC6104CD8}.Debug|Any CPU.ActiveCfg = Debug|Any CPU
		{711B30CD-066C-4D32-AD35-5FBAC6104CD8}.Debug|Any CPU.Build.0 = Debug|Any CPU
		{711B30CD-066C-4D32-AD35-5FBAC6104CD8}.Release|Any CPU.ActiveCfg = Release|Any CPU
		{711B30CD-066C-4D32-AD35-5FBAC6104CD8}.Release|Any CPU.Build.0 = Release|Any CPU
		{5922E5BD-4C19-457F-865C-98D4A50560EB}.Debug|Any CPU.ActiveCfg = Debug|Any CPU
		{5922E5BD-4C19-457F-865C-98D4A50560EB}.Debug|Any CPU.Build.0 = Debug|Any CPU
		{5922E5BD-4C19-457F-865C-98D4A50560EB}.Release|Any CPU.ActiveCfg = Release|Any CPU
		{5922E5BD-4C19-457F-865C-98D4A50560EB}.Release|Any CPU.Build.0 = Release|Any CPU
		{3083D7FD-73A2-4CE6-BF3A-46ED8DE65572}.Debug|Any CPU.ActiveCfg = Debug|Any CPU
		{3083D7FD-73A2-4CE6-BF3A-46ED8DE65572}.Debug|Any CPU.Build.0 = Debug|Any CPU
		{3083D7FD-73A2-4CE6-BF3A-46ED8DE65572}.Release|Any CPU.ActiveCfg = Release|Any CPU
		{3083D7FD-73A2-4CE6-BF3A-46ED8DE65572}.Release|Any CPU.Build.0 = Release|Any CPU
		{2A66AF23-5B08-436A-B208-66D8A9AB8675}.Debug|Any CPU.ActiveCfg = Debug|Any CPU
		{2A66AF23-5B08-436A-B208-66D8A9AB8675}.Debug|Any CPU.Build.0 = Debug|Any CPU
		{2A66AF23-5B08-436A-B208-66D8A9AB8675}.Release|Any CPU.ActiveCfg = Release|Any CPU
		{2A66AF23-5B08-436A-B208-66D8A9AB8675}.Release|Any CPU.Build.0 = Release|Any CPU
		{286032B3-A04D-4642-A442-E3D0095892A8}.Debug|Any CPU.ActiveCfg = Debug|Any CPU
		{286032B3-A04D-4642-A442-E3D0095892A8}.Debug|Any CPU.Build.0 = Debug|Any CPU
		{286032B3-A04D-4642-A442-E3D0095892A8}.Release|Any CPU.ActiveCfg = Release|Any CPU
		{286032B3-A04D-4642-A442-E3D0095892A8}.Release|Any CPU.Build.0 = Release|Any CPU
		{7703C4AC-D3B9-4E00-B282-AF2981F5A653}.Debug|Any CPU.ActiveCfg = Debug|Any CPU
		{7703C4AC-D3B9-4E00-B282-AF2981F5A653}.Debug|Any CPU.Build.0 = Debug|Any CPU
		{7703C4AC-D3B9-4E00-B282-AF2981F5A653}.Release|Any CPU.ActiveCfg = Release|Any CPU
		{7703C4AC-D3B9-4E00-B282-AF2981F5A653}.Release|Any CPU.Build.0 = Release|Any CPU
		{61F97F35-C342-4035-ABA5-BD4209A85546}.Debug|Any CPU.ActiveCfg = Debug|Any CPU
		{61F97F35-C342-4035-ABA5-BD4209A85546}.Debug|Any CPU.Build.0 = Debug|Any CPU
		{61F97F35-C342-4035-ABA5-BD4209A85546}.Release|Any CPU.ActiveCfg = Release|Any CPU
		{61F97F35-C342-4035-ABA5-BD4209A85546}.Release|Any CPU.Build.0 = Release|Any CPU
		{0C5CAF1E-A6C1-4702-B315-7394859A4B72}.Debug|Any CPU.ActiveCfg = Debug|Any CPU
		{0C5CAF1E-A6C1-4702-B315-7394859A4B72}.Debug|Any CPU.Build.0 = Debug|Any CPU
		{0C5CAF1E-A6C1-4702-B315-7394859A4B72}.Release|Any CPU.ActiveCfg = Release|Any CPU
		{0C5CAF1E-A6C1-4702-B315-7394859A4B72}.Release|Any CPU.Build.0 = Release|Any CPU
		{EEF125D9-2D84-4155-8A7F-841B5C66D84B}.Debug|Any CPU.ActiveCfg = Debug|Any CPU
		{EEF125D9-2D84-4155-8A7F-841B5C66D84B}.Debug|Any CPU.Build.0 = Debug|Any CPU
		{EEF125D9-2D84-4155-8A7F-841B5C66D84B}.Release|Any CPU.ActiveCfg = Release|Any CPU
		{EEF125D9-2D84-4155-8A7F-841B5C66D84B}.Release|Any CPU.Build.0 = Release|Any CPU
		{2B53EB01-93AD-4CDE-85DC-332AA8A851EB}.Debug|Any CPU.ActiveCfg = Debug|Any CPU
		{2B53EB01-93AD-4CDE-85DC-332AA8A851EB}.Debug|Any CPU.Build.0 = Debug|Any CPU
		{2B53EB01-93AD-4CDE-85DC-332AA8A851EB}.Release|Any CPU.ActiveCfg = Release|Any CPU
		{2B53EB01-93AD-4CDE-85DC-332AA8A851EB}.Release|Any CPU.Build.0 = Release|Any CPU
		{4A5A0B76-C8BA-48A6-ADF9-ED16A350F7F3}.Debug|Any CPU.ActiveCfg = Debug|Any CPU
		{4A5A0B76-C8BA-48A6-ADF9-ED16A350F7F3}.Debug|Any CPU.Build.0 = Debug|Any CPU
		{4A5A0B76-C8BA-48A6-ADF9-ED16A350F7F3}.Release|Any CPU.ActiveCfg = Release|Any CPU
		{4A5A0B76-C8BA-48A6-ADF9-ED16A350F7F3}.Release|Any CPU.Build.0 = Release|Any CPU
		{E849D766-6B3E-46C0-9389-2BEEA37F638C}.Debug|Any CPU.ActiveCfg = Debug|Any CPU
		{E849D766-6B3E-46C0-9389-2BEEA37F638C}.Debug|Any CPU.Build.0 = Debug|Any CPU
		{E849D766-6B3E-46C0-9389-2BEEA37F638C}.Release|Any CPU.ActiveCfg = Release|Any CPU
		{E849D766-6B3E-46C0-9389-2BEEA37F638C}.Release|Any CPU.Build.0 = Release|Any CPU
		{802F0173-E783-42A7-AC4B-B774CDA4EF79}.Debug|Any CPU.ActiveCfg = Debug|Any CPU
		{802F0173-E783-42A7-AC4B-B774CDA4EF79}.Debug|Any CPU.Build.0 = Debug|Any CPU
		{802F0173-E783-42A7-AC4B-B774CDA4EF79}.Release|Any CPU.ActiveCfg = Release|Any CPU
		{802F0173-E783-42A7-AC4B-B774CDA4EF79}.Release|Any CPU.Build.0 = Release|Any CPU
		{339DC69B-70AE-4E3B-8439-752DDEA19FDC}.Debug|Any CPU.ActiveCfg = Debug|Any CPU
		{339DC69B-70AE-4E3B-8439-752DDEA19FDC}.Debug|Any CPU.Build.0 = Debug|Any CPU
		{339DC69B-70AE-4E3B-8439-752DDEA19FDC}.Release|Any CPU.ActiveCfg = Release|Any CPU
		{339DC69B-70AE-4E3B-8439-752DDEA19FDC}.Release|Any CPU.Build.0 = Release|Any CPU
		{0649436C-300F-470C-BBCD-97FC6061562A}.Debug|Any CPU.ActiveCfg = Debug|Any CPU
		{0649436C-300F-470C-BBCD-97FC6061562A}.Debug|Any CPU.Build.0 = Debug|Any CPU
		{0649436C-300F-470C-BBCD-97FC6061562A}.Release|Any CPU.ActiveCfg = Release|Any CPU
		{0649436C-300F-470C-BBCD-97FC6061562A}.Release|Any CPU.Build.0 = Release|Any CPU
		{63069847-0DB1-4E53-A39E-ABBFEECDAC43}.Debug|Any CPU.ActiveCfg = Debug|Any CPU
		{63069847-0DB1-4E53-A39E-ABBFEECDAC43}.Debug|Any CPU.Build.0 = Debug|Any CPU
		{63069847-0DB1-4E53-A39E-ABBFEECDAC43}.Release|Any CPU.ActiveCfg = Release|Any CPU
		{63069847-0DB1-4E53-A39E-ABBFEECDAC43}.Release|Any CPU.Build.0 = Release|Any CPU
		{9D0F143E-09CC-4BA0-BF4D-B6593A1455CC}.Debug|Any CPU.ActiveCfg = Debug|Any CPU
		{9D0F143E-09CC-4BA0-BF4D-B6593A1455CC}.Debug|Any CPU.Build.0 = Debug|Any CPU
		{9D0F143E-09CC-4BA0-BF4D-B6593A1455CC}.Release|Any CPU.ActiveCfg = Release|Any CPU
		{9D0F143E-09CC-4BA0-BF4D-B6593A1455CC}.Release|Any CPU.Build.0 = Release|Any CPU
		{4EE77844-DFF6-4FAD-AFA3-3AB6D3F112BB}.Debug|Any CPU.ActiveCfg = Debug|Any CPU
		{4EE77844-DFF6-4FAD-AFA3-3AB6D3F112BB}.Debug|Any CPU.Build.0 = Debug|Any CPU
		{4EE77844-DFF6-4FAD-AFA3-3AB6D3F112BB}.Release|Any CPU.ActiveCfg = Release|Any CPU
		{4EE77844-DFF6-4FAD-AFA3-3AB6D3F112BB}.Release|Any CPU.Build.0 = Release|Any CPU
		{4A66FAD3-5614-46A6-8F8E-4E8CB94EFFCC}.Debug|Any CPU.ActiveCfg = Debug|Any CPU
		{4A66FAD3-5614-46A6-8F8E-4E8CB94EFFCC}.Debug|Any CPU.Build.0 = Debug|Any CPU
		{4A66FAD3-5614-46A6-8F8E-4E8CB94EFFCC}.Release|Any CPU.ActiveCfg = Release|Any CPU
		{4A66FAD3-5614-46A6-8F8E-4E8CB94EFFCC}.Release|Any CPU.Build.0 = Release|Any CPU
		{909F62EE-094E-4EE2-82C9-41DB455DAC8F}.Debug|Any CPU.ActiveCfg = Debug|Any CPU
		{909F62EE-094E-4EE2-82C9-41DB455DAC8F}.Debug|Any CPU.Build.0 = Debug|Any CPU
		{909F62EE-094E-4EE2-82C9-41DB455DAC8F}.Release|Any CPU.ActiveCfg = Release|Any CPU
		{909F62EE-094E-4EE2-82C9-41DB455DAC8F}.Release|Any CPU.Build.0 = Release|Any CPU
		{13FAFD05-F286-42F4-AAE6-8053F9257D20}.Debug|Any CPU.ActiveCfg = Debug|Any CPU
		{13FAFD05-F286-42F4-AAE6-8053F9257D20}.Debug|Any CPU.Build.0 = Debug|Any CPU
		{13FAFD05-F286-42F4-AAE6-8053F9257D20}.Release|Any CPU.ActiveCfg = Release|Any CPU
		{13FAFD05-F286-42F4-AAE6-8053F9257D20}.Release|Any CPU.Build.0 = Release|Any CPU
		{2377A885-7B8D-476B-9723-1E42EAF42074}.Debug|Any CPU.ActiveCfg = Debug|Any CPU
		{2377A885-7B8D-476B-9723-1E42EAF42074}.Debug|Any CPU.Build.0 = Debug|Any CPU
		{2377A885-7B8D-476B-9723-1E42EAF42074}.Release|Any CPU.ActiveCfg = Release|Any CPU
		{2377A885-7B8D-476B-9723-1E42EAF42074}.Release|Any CPU.Build.0 = Release|Any CPU
		{E10173FA-C9C7-42DA-BCCB-A56D112AB592}.Debug|Any CPU.ActiveCfg = Debug|Any CPU
		{E10173FA-C9C7-42DA-BCCB-A56D112AB592}.Debug|Any CPU.Build.0 = Debug|Any CPU
		{E10173FA-C9C7-42DA-BCCB-A56D112AB592}.Release|Any CPU.ActiveCfg = Release|Any CPU
		{E10173FA-C9C7-42DA-BCCB-A56D112AB592}.Release|Any CPU.Build.0 = Release|Any CPU
		{E499ABF2-BE1A-42B7-8290-A89253796F09}.Debug|Any CPU.ActiveCfg = Debug|Any CPU
		{E499ABF2-BE1A-42B7-8290-A89253796F09}.Debug|Any CPU.Build.0 = Debug|Any CPU
		{E499ABF2-BE1A-42B7-8290-A89253796F09}.Release|Any CPU.ActiveCfg = Release|Any CPU
		{E499ABF2-BE1A-42B7-8290-A89253796F09}.Release|Any CPU.Build.0 = Release|Any CPU
		{1092C1B4-4A05-4536-821C-E7DD102E3C77}.Debug|Any CPU.ActiveCfg = Debug|Any CPU
		{1092C1B4-4A05-4536-821C-E7DD102E3C77}.Debug|Any CPU.Build.0 = Debug|Any CPU
		{1092C1B4-4A05-4536-821C-E7DD102E3C77}.Release|Any CPU.ActiveCfg = Release|Any CPU
		{1092C1B4-4A05-4536-821C-E7DD102E3C77}.Release|Any CPU.Build.0 = Release|Any CPU
		{4485C67C-A9C0-4D24-B233-B53F05FF6639}.Debug|Any CPU.ActiveCfg = Debug|Any CPU
		{4485C67C-A9C0-4D24-B233-B53F05FF6639}.Debug|Any CPU.Build.0 = Debug|Any CPU
		{4485C67C-A9C0-4D24-B233-B53F05FF6639}.Release|Any CPU.ActiveCfg = Release|Any CPU
		{4485C67C-A9C0-4D24-B233-B53F05FF6639}.Release|Any CPU.Build.0 = Release|Any CPU
		{68039618-D3E3-40A4-9813-E6027C5CB60D}.Debug|Any CPU.ActiveCfg = Debug|Any CPU
		{68039618-D3E3-40A4-9813-E6027C5CB60D}.Debug|Any CPU.Build.0 = Debug|Any CPU
		{68039618-D3E3-40A4-9813-E6027C5CB60D}.Release|Any CPU.ActiveCfg = Release|Any CPU
		{68039618-D3E3-40A4-9813-E6027C5CB60D}.Release|Any CPU.Build.0 = Release|Any CPU
		{597903BF-61A0-4843-8338-63F7D5F9101C}.Debug|Any CPU.ActiveCfg = Debug|Any CPU
		{597903BF-61A0-4843-8338-63F7D5F9101C}.Debug|Any CPU.Build.0 = Debug|Any CPU
		{597903BF-61A0-4843-8338-63F7D5F9101C}.Release|Any CPU.ActiveCfg = Release|Any CPU
		{597903BF-61A0-4843-8338-63F7D5F9101C}.Release|Any CPU.Build.0 = Release|Any CPU
		{272FAD00-4EBD-44B0-90C1-55538EC712A8}.Debug|Any CPU.ActiveCfg = Debug|Any CPU
		{272FAD00-4EBD-44B0-90C1-55538EC712A8}.Debug|Any CPU.Build.0 = Debug|Any CPU
		{272FAD00-4EBD-44B0-90C1-55538EC712A8}.Release|Any CPU.ActiveCfg = Release|Any CPU
		{272FAD00-4EBD-44B0-90C1-55538EC712A8}.Release|Any CPU.Build.0 = Release|Any CPU
		{21051486-3069-4E3F-BD67-5D03C62D33B7}.Debug|Any CPU.ActiveCfg = Debug|Any CPU
		{21051486-3069-4E3F-BD67-5D03C62D33B7}.Debug|Any CPU.Build.0 = Debug|Any CPU
		{21051486-3069-4E3F-BD67-5D03C62D33B7}.Release|Any CPU.ActiveCfg = Release|Any CPU
		{21051486-3069-4E3F-BD67-5D03C62D33B7}.Release|Any CPU.Build.0 = Release|Any CPU
		{B3CCC7CF-C54B-4162-B904-6D3F0DB20719}.Debug|Any CPU.ActiveCfg = Debug|Any CPU
		{B3CCC7CF-C54B-4162-B904-6D3F0DB20719}.Debug|Any CPU.Build.0 = Debug|Any CPU
		{B3CCC7CF-C54B-4162-B904-6D3F0DB20719}.Release|Any CPU.ActiveCfg = Release|Any CPU
		{B3CCC7CF-C54B-4162-B904-6D3F0DB20719}.Release|Any CPU.Build.0 = Release|Any CPU
		{8449DBEC-4205-4B40-85D5-C9A5D6CD7CF8}.Debug|Any CPU.ActiveCfg = Debug|Any CPU
		{8449DBEC-4205-4B40-85D5-C9A5D6CD7CF8}.Debug|Any CPU.Build.0 = Debug|Any CPU
		{8449DBEC-4205-4B40-85D5-C9A5D6CD7CF8}.Release|Any CPU.ActiveCfg = Release|Any CPU
		{8449DBEC-4205-4B40-85D5-C9A5D6CD7CF8}.Release|Any CPU.Build.0 = Release|Any CPU
		{07D4CAD1-0D50-4A52-95E5-CAFAEC04A257}.Debug|Any CPU.ActiveCfg = Debug|Any CPU
		{07D4CAD1-0D50-4A52-95E5-CAFAEC04A257}.Debug|Any CPU.Build.0 = Debug|Any CPU
		{07D4CAD1-0D50-4A52-95E5-CAFAEC04A257}.Release|Any CPU.ActiveCfg = Release|Any CPU
		{07D4CAD1-0D50-4A52-95E5-CAFAEC04A257}.Release|Any CPU.Build.0 = Release|Any CPU
		{4F3CDAA9-D1C6-471E-8D14-DF99BE783A76}.Debug|Any CPU.ActiveCfg = Debug|Any CPU
		{4F3CDAA9-D1C6-471E-8D14-DF99BE783A76}.Debug|Any CPU.Build.0 = Debug|Any CPU
		{4F3CDAA9-D1C6-471E-8D14-DF99BE783A76}.Release|Any CPU.ActiveCfg = Release|Any CPU
		{4F3CDAA9-D1C6-471E-8D14-DF99BE783A76}.Release|Any CPU.Build.0 = Release|Any CPU
		{BCC42CD1-1E99-429C-AA61-CA877C900FCE}.Debug|Any CPU.ActiveCfg = Debug|Any CPU
		{BCC42CD1-1E99-429C-AA61-CA877C900FCE}.Debug|Any CPU.Build.0 = Debug|Any CPU
		{BCC42CD1-1E99-429C-AA61-CA877C900FCE}.Release|Any CPU.ActiveCfg = Release|Any CPU
		{BCC42CD1-1E99-429C-AA61-CA877C900FCE}.Release|Any CPU.Build.0 = Release|Any CPU
		{40E1FE06-B417-445F-9120-2B0F815C2B79}.Debug|Any CPU.ActiveCfg = Debug|Any CPU
		{40E1FE06-B417-445F-9120-2B0F815C2B79}.Debug|Any CPU.Build.0 = Debug|Any CPU
		{40E1FE06-B417-445F-9120-2B0F815C2B79}.Release|Any CPU.ActiveCfg = Release|Any CPU
		{40E1FE06-B417-445F-9120-2B0F815C2B79}.Release|Any CPU.Build.0 = Release|Any CPU
		{FE8E72E7-2FF8-4674-80B6-8B213FA4B2C4}.Debug|Any CPU.ActiveCfg = Debug|Any CPU
		{FE8E72E7-2FF8-4674-80B6-8B213FA4B2C4}.Debug|Any CPU.Build.0 = Debug|Any CPU
		{FE8E72E7-2FF8-4674-80B6-8B213FA4B2C4}.Release|Any CPU.ActiveCfg = Release|Any CPU
		{FE8E72E7-2FF8-4674-80B6-8B213FA4B2C4}.Release|Any CPU.Build.0 = Release|Any CPU
		{34B95393-8C32-424A-AA6E-73B4D996E748}.Debug|Any CPU.ActiveCfg = Debug|Any CPU
		{34B95393-8C32-424A-AA6E-73B4D996E748}.Debug|Any CPU.Build.0 = Debug|Any CPU
		{34B95393-8C32-424A-AA6E-73B4D996E748}.Release|Any CPU.ActiveCfg = Release|Any CPU
		{34B95393-8C32-424A-AA6E-73B4D996E748}.Release|Any CPU.Build.0 = Release|Any CPU
		{12B817F9-508F-4FC1-81DC-E46DE2E14AF8}.Debug|Any CPU.ActiveCfg = Debug|Any CPU
		{12B817F9-508F-4FC1-81DC-E46DE2E14AF8}.Debug|Any CPU.Build.0 = Debug|Any CPU
		{12B817F9-508F-4FC1-81DC-E46DE2E14AF8}.Release|Any CPU.ActiveCfg = Release|Any CPU
		{12B817F9-508F-4FC1-81DC-E46DE2E14AF8}.Release|Any CPU.Build.0 = Release|Any CPU
		{74692E8E-2688-4D87-8ECC-ED69B2B0557B}.Debug|Any CPU.ActiveCfg = Debug|Any CPU
		{74692E8E-2688-4D87-8ECC-ED69B2B0557B}.Debug|Any CPU.Build.0 = Debug|Any CPU
		{74692E8E-2688-4D87-8ECC-ED69B2B0557B}.Release|Any CPU.ActiveCfg = Release|Any CPU
		{74692E8E-2688-4D87-8ECC-ED69B2B0557B}.Release|Any CPU.Build.0 = Release|Any CPU
		{D2AA5A84-C81B-4EC4-BD76-56C6412D99B2}.Debug|Any CPU.ActiveCfg = Debug|Any CPU
		{D2AA5A84-C81B-4EC4-BD76-56C6412D99B2}.Debug|Any CPU.Build.0 = Debug|Any CPU
		{D2AA5A84-C81B-4EC4-BD76-56C6412D99B2}.Release|Any CPU.ActiveCfg = Release|Any CPU
		{D2AA5A84-C81B-4EC4-BD76-56C6412D99B2}.Release|Any CPU.Build.0 = Release|Any CPU
		{54882FE6-CF77-42B7-B2A7-95F6995D92AF}.Debug|Any CPU.ActiveCfg = Debug|Any CPU
		{54882FE6-CF77-42B7-B2A7-95F6995D92AF}.Debug|Any CPU.Build.0 = Debug|Any CPU
		{54882FE6-CF77-42B7-B2A7-95F6995D92AF}.Release|Any CPU.ActiveCfg = Release|Any CPU
		{54882FE6-CF77-42B7-B2A7-95F6995D92AF}.Release|Any CPU.Build.0 = Release|Any CPU
		{0DD81387-B94A-4FC0-87FB-A256A2150C17}.Debug|Any CPU.ActiveCfg = Debug|Any CPU
		{0DD81387-B94A-4FC0-87FB-A256A2150C17}.Debug|Any CPU.Build.0 = Debug|Any CPU
		{0DD81387-B94A-4FC0-87FB-A256A2150C17}.Release|Any CPU.ActiveCfg = Release|Any CPU
		{0DD81387-B94A-4FC0-87FB-A256A2150C17}.Release|Any CPU.Build.0 = Release|Any CPU
		{4F7D5F5B-4C92-49B0-91CE-F837671802D6}.Debug|Any CPU.ActiveCfg = Debug|Any CPU
		{4F7D5F5B-4C92-49B0-91CE-F837671802D6}.Debug|Any CPU.Build.0 = Debug|Any CPU
		{4F7D5F5B-4C92-49B0-91CE-F837671802D6}.Release|Any CPU.ActiveCfg = Release|Any CPU
		{4F7D5F5B-4C92-49B0-91CE-F837671802D6}.Release|Any CPU.Build.0 = Release|Any CPU
		{0AC0FCAC-2155-45D6-9BEE-DBD84F6F9D56}.Debug|Any CPU.ActiveCfg = Debug|Any CPU
		{0AC0FCAC-2155-45D6-9BEE-DBD84F6F9D56}.Debug|Any CPU.Build.0 = Debug|Any CPU
		{0AC0FCAC-2155-45D6-9BEE-DBD84F6F9D56}.Release|Any CPU.ActiveCfg = Release|Any CPU
		{0AC0FCAC-2155-45D6-9BEE-DBD84F6F9D56}.Release|Any CPU.Build.0 = Release|Any CPU
		{2B1820D9-521F-493D-B2B1-53229D9EE361}.Debug|Any CPU.ActiveCfg = Debug|Any CPU
		{2B1820D9-521F-493D-B2B1-53229D9EE361}.Debug|Any CPU.Build.0 = Debug|Any CPU
		{2B1820D9-521F-493D-B2B1-53229D9EE361}.Release|Any CPU.ActiveCfg = Release|Any CPU
		{2B1820D9-521F-493D-B2B1-53229D9EE361}.Release|Any CPU.Build.0 = Release|Any CPU
		{806B5F42-709B-4DF4-98EA-53D714937D4B}.Debug|Any CPU.ActiveCfg = Debug|Any CPU
		{806B5F42-709B-4DF4-98EA-53D714937D4B}.Debug|Any CPU.Build.0 = Debug|Any CPU
		{806B5F42-709B-4DF4-98EA-53D714937D4B}.Release|Any CPU.ActiveCfg = Release|Any CPU
		{806B5F42-709B-4DF4-98EA-53D714937D4B}.Release|Any CPU.Build.0 = Release|Any CPU
		{CA51B9D8-66A4-4743-8157-425C707FDF43}.Debug|Any CPU.ActiveCfg = Debug|Any CPU
		{CA51B9D8-66A4-4743-8157-425C707FDF43}.Debug|Any CPU.Build.0 = Debug|Any CPU
		{CA51B9D8-66A4-4743-8157-425C707FDF43}.Release|Any CPU.ActiveCfg = Release|Any CPU
		{CA51B9D8-66A4-4743-8157-425C707FDF43}.Release|Any CPU.Build.0 = Release|Any CPU
		{8866FA48-E6DF-4696-BB85-320273727FCC}.Debug|Any CPU.ActiveCfg = Debug|Any CPU
		{8866FA48-E6DF-4696-BB85-320273727FCC}.Debug|Any CPU.Build.0 = Debug|Any CPU
		{8866FA48-E6DF-4696-BB85-320273727FCC}.Release|Any CPU.ActiveCfg = Release|Any CPU
		{8866FA48-E6DF-4696-BB85-320273727FCC}.Release|Any CPU.Build.0 = Release|Any CPU
		{349C17FC-5050-49CD-8C25-8C5B91AAFDED}.Debug|Any CPU.ActiveCfg = Debug|Any CPU
		{349C17FC-5050-49CD-8C25-8C5B91AAFDED}.Debug|Any CPU.Build.0 = Debug|Any CPU
		{349C17FC-5050-49CD-8C25-8C5B91AAFDED}.Release|Any CPU.ActiveCfg = Release|Any CPU
		{349C17FC-5050-49CD-8C25-8C5B91AAFDED}.Release|Any CPU.Build.0 = Release|Any CPU
		{3F382D39-72FE-4B4D-89F3-E67B05C1397E}.Debug|Any CPU.ActiveCfg = Debug|Any CPU
		{3F382D39-72FE-4B4D-89F3-E67B05C1397E}.Debug|Any CPU.Build.0 = Debug|Any CPU
		{3F382D39-72FE-4B4D-89F3-E67B05C1397E}.Release|Any CPU.ActiveCfg = Release|Any CPU
		{3F382D39-72FE-4B4D-89F3-E67B05C1397E}.Release|Any CPU.Build.0 = Release|Any CPU
		{AE27C965-C1D7-4ACA-9DD6-0B89CF14E907}.Debug|Any CPU.ActiveCfg = Debug|Any CPU
		{AE27C965-C1D7-4ACA-9DD6-0B89CF14E907}.Debug|Any CPU.Build.0 = Debug|Any CPU
		{AE27C965-C1D7-4ACA-9DD6-0B89CF14E907}.Release|Any CPU.ActiveCfg = Release|Any CPU
		{AE27C965-C1D7-4ACA-9DD6-0B89CF14E907}.Release|Any CPU.Build.0 = Release|Any CPU
		{6049AEB6-1498-4091-B94F-29AE93CAC958}.Debug|Any CPU.ActiveCfg = Debug|Any CPU
		{6049AEB6-1498-4091-B94F-29AE93CAC958}.Debug|Any CPU.Build.0 = Debug|Any CPU
		{6049AEB6-1498-4091-B94F-29AE93CAC958}.Release|Any CPU.ActiveCfg = Release|Any CPU
		{6049AEB6-1498-4091-B94F-29AE93CAC958}.Release|Any CPU.Build.0 = Release|Any CPU
		{E727BFB6-1DA7-4D93-A39E-3105CCD91A64}.Debug|Any CPU.ActiveCfg = Debug|Any CPU
		{E727BFB6-1DA7-4D93-A39E-3105CCD91A64}.Debug|Any CPU.Build.0 = Debug|Any CPU
		{E727BFB6-1DA7-4D93-A39E-3105CCD91A64}.Release|Any CPU.ActiveCfg = Release|Any CPU
		{E727BFB6-1DA7-4D93-A39E-3105CCD91A64}.Release|Any CPU.Build.0 = Release|Any CPU
		{42549F44-6CE9-428C-92A6-77E09B732856}.Debug|Any CPU.ActiveCfg = Debug|Any CPU
		{42549F44-6CE9-428C-92A6-77E09B732856}.Debug|Any CPU.Build.0 = Debug|Any CPU
		{42549F44-6CE9-428C-92A6-77E09B732856}.Release|Any CPU.ActiveCfg = Release|Any CPU
		{42549F44-6CE9-428C-92A6-77E09B732856}.Release|Any CPU.Build.0 = Release|Any CPU
		{860F97CB-12F7-4CB0-BAB1-5171517FF870}.Debug|Any CPU.ActiveCfg = Debug|Any CPU
		{860F97CB-12F7-4CB0-BAB1-5171517FF870}.Debug|Any CPU.Build.0 = Debug|Any CPU
		{860F97CB-12F7-4CB0-BAB1-5171517FF870}.Release|Any CPU.ActiveCfg = Release|Any CPU
		{860F97CB-12F7-4CB0-BAB1-5171517FF870}.Release|Any CPU.Build.0 = Release|Any CPU
		{AF9F83A3-6514-4BE2-95CB-9FE0FC3B711E}.Debug|Any CPU.ActiveCfg = Debug|Any CPU
		{AF9F83A3-6514-4BE2-95CB-9FE0FC3B711E}.Debug|Any CPU.Build.0 = Debug|Any CPU
		{AF9F83A3-6514-4BE2-95CB-9FE0FC3B711E}.Release|Any CPU.ActiveCfg = Release|Any CPU
		{AF9F83A3-6514-4BE2-95CB-9FE0FC3B711E}.Release|Any CPU.Build.0 = Release|Any CPU
	EndGlobalSection
	GlobalSection(SolutionProperties) = preSolution
		HideSolutionNode = FALSE
	EndGlobalSection
	GlobalSection(NestedProjects) = preSolution
		{9AFF9CC4-42A6-471B-95C9-AF07CEBC19E5} = {EE30E8E3-12D7-4738-A6CA-745172A1BC66}
		{59F7B4ED-95AD-40B6-AD3B-419FE66C4521} = {EE30E8E3-12D7-4738-A6CA-745172A1BC66}
		{711B30CD-066C-4D32-AD35-5FBAC6104CD8} = {5D4AC09B-83D3-4267-822D-5151E1DA018F}
		{5922E5BD-4C19-457F-865C-98D4A50560EB} = {5D4AC09B-83D3-4267-822D-5151E1DA018F}
		{3083D7FD-73A2-4CE6-BF3A-46ED8DE65572} = {5D4AC09B-83D3-4267-822D-5151E1DA018F}
		{2A66AF23-5B08-436A-B208-66D8A9AB8675} = {47009B94-FEA5-4111-8CB3-E1743F7B4CCE}
		{286032B3-A04D-4642-A442-E3D0095892A8} = {47009B94-FEA5-4111-8CB3-E1743F7B4CCE}
		{7703C4AC-D3B9-4E00-B282-AF2981F5A653} = {47009B94-FEA5-4111-8CB3-E1743F7B4CCE}
		{61F97F35-C342-4035-ABA5-BD4209A85546} = {F92E198F-CD30-4724-B120-789330BE83FE}
		{0C5CAF1E-A6C1-4702-B315-7394859A4B72} = {5D4AC09B-83D3-4267-822D-5151E1DA018F}
		{EEF125D9-2D84-4155-8A7F-841B5C66D84B} = {F92E198F-CD30-4724-B120-789330BE83FE}
		{2B53EB01-93AD-4CDE-85DC-332AA8A851EB} = {F92E198F-CD30-4724-B120-789330BE83FE}
		{4A5A0B76-C8BA-48A6-ADF9-ED16A350F7F3} = {AB1FACB9-831B-4D29-8593-80DAC7232CB9}
		{E849D766-6B3E-46C0-9389-2BEEA37F638C} = {5D4AC09B-83D3-4267-822D-5151E1DA018F}
		{802F0173-E783-42A7-AC4B-B774CDA4EF79} = {F92E198F-CD30-4724-B120-789330BE83FE}
		{339DC69B-70AE-4E3B-8439-752DDEA19FDC} = {5D4AC09B-83D3-4267-822D-5151E1DA018F}
		{0649436C-300F-470C-BBCD-97FC6061562A} = {AB1FACB9-831B-4D29-8593-80DAC7232CB9}
		{63069847-0DB1-4E53-A39E-ABBFEECDAC43} = {BE0CE3C7-21AF-4489-9A89-822CA5FBC481}
		{9D0F143E-09CC-4BA0-BF4D-B6593A1455CC} = {5D4AC09B-83D3-4267-822D-5151E1DA018F}
		{4EE77844-DFF6-4FAD-AFA3-3AB6D3F112BB} = {AB1FACB9-831B-4D29-8593-80DAC7232CB9}
		{4A66FAD3-5614-46A6-8F8E-4E8CB94EFFCC} = {45E587A0-1BDF-4188-927F-E5AF749E3A3C}
		{909F62EE-094E-4EE2-82C9-41DB455DAC8F} = {45E587A0-1BDF-4188-927F-E5AF749E3A3C}
		{13FAFD05-F286-42F4-AAE6-8053F9257D20} = {45E587A0-1BDF-4188-927F-E5AF749E3A3C}
		{2377A885-7B8D-476B-9723-1E42EAF42074} = {5D4AC09B-83D3-4267-822D-5151E1DA018F}
		{E10173FA-C9C7-42DA-BCCB-A56D112AB592} = {F92E198F-CD30-4724-B120-789330BE83FE}
		{E499ABF2-BE1A-42B7-8290-A89253796F09} = {EE30E8E3-12D7-4738-A6CA-745172A1BC66}
		{1092C1B4-4A05-4536-821C-E7DD102E3C77} = {EE30E8E3-12D7-4738-A6CA-745172A1BC66}
		{4485C67C-A9C0-4D24-B233-B53F05FF6639} = {45E587A0-1BDF-4188-927F-E5AF749E3A3C}
		{68039618-D3E3-40A4-9813-E6027C5CB60D} = {5D4AC09B-83D3-4267-822D-5151E1DA018F}
		{597903BF-61A0-4843-8338-63F7D5F9101C} = {AB1FACB9-831B-4D29-8593-80DAC7232CB9}
		{272FAD00-4EBD-44B0-90C1-55538EC712A8} = {5D4AC09B-83D3-4267-822D-5151E1DA018F}
		{21051486-3069-4E3F-BD67-5D03C62D33B7} = {AB1FACB9-831B-4D29-8593-80DAC7232CB9}
		{B3CCC7CF-C54B-4162-B904-6D3F0DB20719} = {5D4AC09B-83D3-4267-822D-5151E1DA018F}
		{8449DBEC-4205-4B40-85D5-C9A5D6CD7CF8} = {F92E198F-CD30-4724-B120-789330BE83FE}
		{07D4CAD1-0D50-4A52-95E5-CAFAEC04A257} = {F92E198F-CD30-4724-B120-789330BE83FE}
		{4F3CDAA9-D1C6-471E-8D14-DF99BE783A76} = {F92E198F-CD30-4724-B120-789330BE83FE}
		{BCC42CD1-1E99-429C-AA61-CA877C900FCE} = {AB1FACB9-831B-4D29-8593-80DAC7232CB9}
		{40E1FE06-B417-445F-9120-2B0F815C2B79} = {C72371CB-3E52-44FA-9A23-964B3310FF0C}
		{FE8E72E7-2FF8-4674-80B6-8B213FA4B2C4} = {45E587A0-1BDF-4188-927F-E5AF749E3A3C}
		{34B95393-8C32-424A-AA6E-73B4D996E748} = {C72371CB-3E52-44FA-9A23-964B3310FF0C}
		{12B817F9-508F-4FC1-81DC-E46DE2E14AF8} = {C72371CB-3E52-44FA-9A23-964B3310FF0C}
		{74692E8E-2688-4D87-8ECC-ED69B2B0557B} = {C72371CB-3E52-44FA-9A23-964B3310FF0C}
		{D2AA5A84-C81B-4EC4-BD76-56C6412D99B2} = {C72371CB-3E52-44FA-9A23-964B3310FF0C}
		{54882FE6-CF77-42B7-B2A7-95F6995D92AF} = {AB1FACB9-831B-4D29-8593-80DAC7232CB9}
		{0DD81387-B94A-4FC0-87FB-A256A2150C17} = {5D4AC09B-83D3-4267-822D-5151E1DA018F}
		{4F7D5F5B-4C92-49B0-91CE-F837671802D6} = {5D4AC09B-83D3-4267-822D-5151E1DA018F}
		{0AC0FCAC-2155-45D6-9BEE-DBD84F6F9D56} = {06B3B7D6-C789-4064-858A-D1695EA9D028}
		{2B1820D9-521F-493D-B2B1-53229D9EE361} = {F92E198F-CD30-4724-B120-789330BE83FE}
		{806B5F42-709B-4DF4-98EA-53D714937D4B} = {06B3B7D6-C789-4064-858A-D1695EA9D028}
		{CA51B9D8-66A4-4743-8157-425C707FDF43} = {06B3B7D6-C789-4064-858A-D1695EA9D028}
		{8866FA48-E6DF-4696-BB85-320273727FCC} = {06B3B7D6-C789-4064-858A-D1695EA9D028}
		{349C17FC-5050-49CD-8C25-8C5B91AAFDED} = {06B3B7D6-C789-4064-858A-D1695EA9D028}
		{3F382D39-72FE-4B4D-89F3-E67B05C1397E} = {06B3B7D6-C789-4064-858A-D1695EA9D028}
		{AE27C965-C1D7-4ACA-9DD6-0B89CF14E907} = {06B3B7D6-C789-4064-858A-D1695EA9D028}
		{6049AEB6-1498-4091-B94F-29AE93CAC958} = {06B3B7D6-C789-4064-858A-D1695EA9D028}
		{E727BFB6-1DA7-4D93-A39E-3105CCD91A64} = {06B3B7D6-C789-4064-858A-D1695EA9D028}
		{42549F44-6CE9-428C-92A6-77E09B732856} = {5D4AC09B-83D3-4267-822D-5151E1DA018F}
		{860F97CB-12F7-4CB0-BAB1-5171517FF870} = {F92E198F-CD30-4724-B120-789330BE83FE}
		{AF9F83A3-6514-4BE2-95CB-9FE0FC3B711E} = {AB1FACB9-831B-4D29-8593-80DAC7232CB9}
	EndGlobalSection
	GlobalSection(ExtensibilityGlobals) = postSolution
		SolutionGuid = {961E880F-C614-4D1F-9C36-72BAEFDB7DAA}
	EndGlobalSection
EndGlobal
