
Microsoft Visual Studio Solution File, Format Version 12.00
# Visual Studio Version 16
VisualStudioVersion = 16.0.29123.88
MinimumVisualStudioVersion = 10.0.40219.1
Project("{2150E333-8FDC-42A3-9474-1A3956D46DE8}") = "Core", "Core", "{627A40F0-39C4-4F5E-B4A7-34EA53E8E1E8}"
EndProject
Project("{9A19103F-16F7-4668-BE54-9A1E7A4F7556}") = "YJC.Toolkit.Core.21", "Core\YJC.Toolkit.Core\YJC.Toolkit.Core.21.csproj", "{68A065E3-3316-4424-8B87-69D567D5A463}"
EndProject
Project("{9A19103F-16F7-4668-BE54-9A1E7A4F7556}") = "YJC.Toolkit.Cache.21", "Core\YJC.Toolkit.Cache\YJC.Toolkit.Cache.21.csproj", "{63D7301F-5DD5-4D09-90AA-93B8B45926B9}"
EndProject
Project("{9A19103F-16F7-4668-BE54-9A1E7A4F7556}") = "YJC.Toolkit.MetaData.21", "Core\YJC.Toolkit.MetaData\YJC.Toolkit.MetaData.21.csproj", "{1885C47C-F770-4AB8-89A4-EB6EE6F44EA6}"
EndProject
Project("{9A19103F-16F7-4668-BE54-9A1E7A4F7556}") = "YJC.Toolkit.RedisCache.21", "Core\YJC.Toolkit.RedisCache\YJC.Toolkit.RedisCache.21.csproj", "{01B1544F-AAFD-4B45-9A87-328BF1F11F52}"
EndProject
Project("{2150E333-8FDC-42A3-9474-1A3956D46DE8}") = "Data", "Data", "{73175D23-81CD-40CF-A001-21EA4235B608}"
EndProject
Project("{9A19103F-16F7-4668-BE54-9A1E7A4F7556}") = "YJC.Toolkit.Data.21", "Data\YJC.Toolkit.Data\YJC.Toolkit.Data.21.csproj", "{9706E5D9-4EAF-42C3-916E-8F123D28DC43}"
EndProject
Project("{9A19103F-16F7-4668-BE54-9A1E7A4F7556}") = "YJC.Toolkit.AdoData.21", "Data\YJC.Toolkit.AdoData\YJC.Toolkit.AdoData.21.csproj", "{B731DCA6-CAB2-4010-A6E7-3A08FAF95D8D}"
EndProject
Project("{9A19103F-16F7-4668-BE54-9A1E7A4F7556}") = "YJC.Toolkit.MySql.21", "Data\YJC.Toolkit.MySql\YJC.Toolkit.MySql.21.csproj", "{27FF2EFC-154B-4892-8553-C50D904BE372}"
EndProject
Project("{9A19103F-16F7-4668-BE54-9A1E7A4F7556}") = "YJC.Toolkit.MsSqlClient.21", "Data\YJC.Toolkit.MsSqlClient\YJC.Toolkit.MsSqlClient.21.csproj", "{F102FB21-B126-4A3E-8C5D-A549FA35FC6F}"
EndProject
Project("{9A19103F-16F7-4668-BE54-9A1E7A4F7556}") = "YJC.Toolkit.SqlClient.21", "Data\YJC.Toolkit.SqlClient\YJC.Toolkit.SqlClient.21.csproj", "{A0FBC3A4-D122-4206-94A2-07D80A58D4EC}"
EndProject
Project("{9A19103F-16F7-4668-BE54-9A1E7A4F7556}") = "YJC.Toolkit.JWTLib.21", "Data\JoseJWT\YJC.Toolkit.JWTLib.21.csproj", "{51721FAE-62E3-4C75-AB33-C449576AB093}"
EndProject
Project("{9A19103F-16F7-4668-BE54-9A1E7A4F7556}") = "YJC.Toolkit.Excel.21", "Data\YJC.Toolkit.Excel\YJC.Toolkit.Excel.21.csproj", "{43547693-8AC4-4063-B32B-38AD1235B06D}"
EndProject
Project("{9A19103F-16F7-4668-BE54-9A1E7A4F7556}") = "YJC.Toolkit.Web.Common.21", "Data\YJC.Toolkit.Web.Common\YJC.Toolkit.Web.Common.21.csproj", "{78558D90-CEEB-4712-A0CF-22F8FAECF842}"
EndProject
Project("{9A19103F-16F7-4668-BE54-9A1E7A4F7556}") = "YJC.Toolkit.HtmlExtension.21", "Data\YJC.Toolkit.HtmlExtension\YJC.Toolkit.HtmlExtension.21.csproj", "{548B356F-B9A3-447A-80EC-560B3D270C31}"
EndProject
Project("{9A19103F-16F7-4668-BE54-9A1E7A4F7556}") = "YJC.Toolkit.JWT.21", "Data\YJC.Toolkit.JWT\YJC.Toolkit.JWT.21.csproj", "{B0502A65-B0D7-4A34-8676-052BCFDF2C1F}"
EndProject
Project("{9A19103F-16F7-4668-BE54-9A1E7A4F7556}") = "YJC.Toolkit.Evaluator.31", "CoreData\YJC.Toolkit.Evaluator\YJC.Toolkit.Evaluator.31.csproj", "{AF771B4F-3371-4718-A608-06BCEB0DE8AB}"
EndProject
Project("{2150E333-8FDC-42A3-9474-1A3956D46DE8}") = "Web", "Web", "{85EDD3AD-87FD-47A7-BBCE-0B37B00C9DD6}"
EndProject
Project("{9A19103F-16F7-4668-BE54-9A1E7A4F7556}") = "YJC.Toolkit.WebApp.31", "CoreWeb\YJC.Toolkit.WebApp\YJC.Toolkit.WebApp.31.csproj", "{76D47F33-5CFD-4339-8B5C-0AAE6487ACA6}"
EndProject
Project("{9A19103F-16F7-4668-BE54-9A1E7A4F7556}") = "YJC.Toolkit.Razor.Web.Common.21", "Data\YJC.Toolkit.Razor.Web.Common\YJC.Toolkit.Razor.Web.Common.21.csproj", "{B152CD01-39B0-47D9-9CEA-68A975E1E1D3}"
EndProject
Project("{9A19103F-16F7-4668-BE54-9A1E7A4F7556}") = "YJC.Toolkit.Razor.Web.31", "CoreWeb\YJC.Toolkit.Razor.Web\YJC.Toolkit.Razor.Web.31.csproj", "{6FA0AE92-E585-4E8D-A490-0C43F2FADC50}"
EndProject
Project("{9A19103F-16F7-4668-BE54-9A1E7A4F7556}") = "YJC.Toolkit.Excel.Web.31", "CoreWeb\YJC.Toolkit.Excel.Web\YJC.Toolkit.Excel.Web.31.csproj", "{E85C86FF-10C0-44F8-BD31-1DABD7FA9564}"
EndProject
Project("{2150E333-8FDC-42A3-9474-1A3956D46DE8}") = "User", "User", "{BB2D5C6A-194B-42DB-BC1E-427137FE3F5B}"
EndProject
Project("{9A19103F-16F7-4668-BE54-9A1E7A4F7556}") = "YJC.Toolkit.LogOn.21", "User\YJC.Toolkit.LogOn\YJC.Toolkit.LogOn.21.csproj", "{A558A30B-743C-4E32-961E-45954205B076}"
EndProject
Project("{9A19103F-16F7-4668-BE54-9A1E7A4F7556}") = "YJC.Toolkit.SimpleRight.21", "User\YJC.Toolkit.SimpleRight\YJC.Toolkit.SimpleRight.21.csproj", "{8B75DD03-F1E1-4FF2-989C-1107817A658A}"
EndProject
Project("{9A19103F-16F7-4668-BE54-9A1E7A4F7556}") = "YJC.Toolkit.SimpleUser.Data.21", "User\YJC.Toolkit.SimpleUser.Data\YJC.Toolkit.SimpleUser.Data.21.csproj", "{88B9DA42-BC8C-4500-92B8-D83CD24923DD}"
EndProject
Project("{9A19103F-16F7-4668-BE54-9A1E7A4F7556}") = "YJC.Toolkit.SimpleUser.Data.Core.31", "User\YJC.Toolkit.SimpleUser.Data.Core\YJC.Toolkit.SimpleUser.Data.Core.31.csproj", "{13B63A0E-8B95-4BA4-9F29-9DA507DC494C}"
EndProject
Project("{2150E333-8FDC-42A3-9474-1A3956D46DE8}") = "WebTest", "WebTest", "{238B4529-C5E5-4599-818C-D35623E733F0}"
EndProject
Project("{9A19103F-16F7-4668-BE54-9A1E7A4F7556}") = "YJC.Toolkit.Tenant.21", "Data\YJC.Toolkit.Tenant\YJC.Toolkit.Tenant.21.csproj", "{0685B23D-8506-4CB6-B084-887A51AE5BDA}"
EndProject
Project("{9A19103F-16F7-4668-BE54-9A1E7A4F7556}") = "YJC.Toolkit.AliyunOSS.31", "CoreData\YJC.Toolkit.AliyunOSS\YJC.Toolkit.AliyunOSS.31.csproj", "{A82C0BB0-723D-4DE7-80DB-29960E125B26}"
EndProject
Project("{2150E333-8FDC-42A3-9474-1A3956D46DE8}") = "IM", "IM", "{E0E56378-7D85-47D2-93D4-2B977C911484}"
EndProject
Project("{2150E333-8FDC-42A3-9474-1A3956D46DE8}") = "Workflow", "Workflow", "{9004352F-A6E4-4116-AE60-A9AC7E4699E0}"
EndProject
Project("{9A19103F-16F7-4668-BE54-9A1E7A4F7556}") = "YJC.Toolkit.IM.31", "IM\YJC.Toolkit.IM\YJC.Toolkit.IM.31.csproj", "{A004E81F-9FD6-4415-949E-654858B8AB9D}"
EndProject
Project("{9A19103F-16F7-4668-BE54-9A1E7A4F7556}") = "YJC.Toolkit.Weixin2.Common.31", "IM\YJC.Toolkit.Weixin2.Common\YJC.Toolkit.Weixin2.Common.31.csproj", "{0BEB828C-9314-4A9C-ADF2-34A959DE4A08}"
EndProject
Project("{9A19103F-16F7-4668-BE54-9A1E7A4F7556}") = "YJC.Toolkit.DingTalk.31", "IM\YJC.Toolkit.DingTalk\YJC.Toolkit.DingTalk.31.csproj", "{C4B49500-70BD-486A-A2DA-9EA6C107BE0A}"
EndProject
Project("{9A19103F-16F7-4668-BE54-9A1E7A4F7556}") = "YJC.Toolkit.Weixin2.WeChat.31", "IM\YJC.Toolkit.Weixin2.WeChat\YJC.Toolkit.Weixin2.WeChat.31.csproj", "{818E062C-D506-4319-8FB3-C669DDB894E9}"
EndProject
Project("{9A19103F-16F7-4668-BE54-9A1E7A4F7556}") = "YJC.Toolkit.Weixin2.WeChat.Data.31", "IM\YJC.Toolkit.Weixin2.WeChat.Data\YJC.Toolkit.Weixin2.WeChat.Data.31.csproj", "{9EB769B4-BFDA-40EB-A3B4-715B6829C783}"
EndProject
Project("{9A19103F-16F7-4668-BE54-9A1E7A4F7556}") = "YJC.Toolkit.Weixin2.WeCorp.31", "IM\YJC.Toolkit.Weixin2.WeCorp\YJC.Toolkit.Weixin2.WeCorp.31.csproj", "{5C57F6E8-224D-49EA-A621-493D51495490}"
EndProject
Project("{9A19103F-16F7-4668-BE54-9A1E7A4F7556}") = "YJC.Toolkit.Weixin2.WeChat.Web.31", "IM\YJC.Toolkit.Weixin2.WeChat.Web\YJC.Toolkit.Weixin2.WeChat.Web.31.csproj", "{A3D7C1F3-6CF5-4E5F-83D5-4E80A138FDA2}"
EndProject
Project("{9A19103F-16F7-4668-BE54-9A1E7A4F7556}") = "YJC.Toolkit.UserIntf.21", "Workflow\YJC.Toolkit.UserIntf\YJC.Toolkit.UserIntf.21.csproj", "{5563BE2E-ADEC-4539-9787-9973E330CD51}"
EndProject
Project("{9A19103F-16F7-4668-BE54-9A1E7A4F7556}") = "YJC.Toolkit.SimpleWorkflow.21", "Workflow\YJC.Toolkit.SimpleWorkflow\YJC.Toolkit.SimpleWorkflow.21.csproj", "{256004CA-8AEB-4116-9DA6-51713789AC3C}"
EndProject
Project("{9A19103F-16F7-4668-BE54-9A1E7A4F7556}") = "YJC.Toolkit.SimpleWorkflow.Web.31", "Workflow\YJC.Toolkit.SimpleWorkflow.Web\YJC.Toolkit.SimpleWorkflow.Web.31.csproj", "{68A8A863-F341-4135-AE48-02513308303F}"
EndProject
Project("{2150E333-8FDC-42A3-9474-1A3956D46DE8}") = "App", "App", "{1D57AE27-CD90-46DD-863F-0083151CCDE2}"
EndProject
Project("{9A19103F-16F7-4668-BE54-9A1E7A4F7556}") = "YJC.Toolkit.Core.ConsoleApp.31", "CoreApp\YJC.Toolkit.Core.ConsoleApp\YJC.Toolkit.Core.ConsoleApp.31.csproj", "{E4322D7F-71B8-4BA4-A0AB-381DFB3720AD}"
EndProject
Project("{9A19103F-16F7-4668-BE54-9A1E7A4F7556}") = "YJC.Toolkit.Core.TestApp.21", "CoreApp\YJC.Toolkit.Core.TestApp\YJC.Toolkit.Core.TestApp.21.csproj", "{DAC1B148-F489-4DDB-AF63-66D2711B8A04}"
EndProject
Project("{9A19103F-16F7-4668-BE54-9A1E7A4F7556}") = "YJC.Toolkit.Core.ToolApp.31", "CoreApp\YJC.Toolkit.Core.ToolApp\YJC.Toolkit.Core.ToolApp.31.csproj", "{F7564E9D-2460-4E99-9C9F-FE3C2B7EA18B}"
EndProject
Project("{9A19103F-16F7-4668-BE54-9A1E7A4F7556}") = "YJC.Toolkit.Razor.21", "Data\YJC.Toolkit.Razor\YJC.Toolkit.Razor.21.csproj", "{2DE20C77-9198-483C-AFF4-2B0D878E8601}"
EndProject
Project("{2150E333-8FDC-42A3-9474-1A3956D46DE8}") = "Test", "Test", "{6B2B9F8D-D2DF-465E-9899-3EC1EB411753}"
EndProject
Project("{9A19103F-16F7-4668-BE54-9A1E7A4F7556}") = "UnitTest", "CoreTest\UnitTest\UnitTest.csproj", "{003AE524-D0E6-44BB-81ED-7AC61838B29E}"
EndProject
Project("{9A19103F-16F7-4668-BE54-9A1E7A4F7556}") = "YJC.Toolkit.NewControl.21", "Data\YJC.Toolkit.NewControl\YJC.Toolkit.NewControl.21.csproj", "{B4EBB880-EE87-41B1-BDBF-936948422C36}"
EndProject
Project("{9A19103F-16F7-4668-BE54-9A1E7A4F7556}") = "YJC.Toolkit.NodeJs.31", "CoreWeb\YJC.Toolkit.NodeJs\YJC.Toolkit.NodeJs.31.csproj", "{92427A38-B7AC-4D10-8870-6DC765AA7F29}"
EndProject
Project("{9A19103F-16F7-4668-BE54-9A1E7A4F7556}") = "ToolkitWeb.31", "CoreWebTest\TestWeb\ToolkitWeb.31.csproj", "{34333D5D-608C-4863-B6DA-C3D2CB63B077}"
EndProject
Global
	GlobalSection(SolutionConfigurationPlatforms) = preSolution
		Debug|Any CPU = Debug|Any CPU
		Release|Any CPU = Release|Any CPU
	EndGlobalSection
	GlobalSection(ProjectConfigurationPlatforms) = postSolution
		{68A065E3-3316-4424-8B87-69D567D5A463}.Debug|Any CPU.ActiveCfg = Debug|Any CPU
		{68A065E3-3316-4424-8B87-69D567D5A463}.Debug|Any CPU.Build.0 = Debug|Any CPU
		{68A065E3-3316-4424-8B87-69D567D5A463}.Release|Any CPU.ActiveCfg = Release|Any CPU
		{68A065E3-3316-4424-8B87-69D567D5A463}.Release|Any CPU.Build.0 = Release|Any CPU
		{63D7301F-5DD5-4D09-90AA-93B8B45926B9}.Debug|Any CPU.ActiveCfg = Debug|Any CPU
		{63D7301F-5DD5-4D09-90AA-93B8B45926B9}.Debug|Any CPU.Build.0 = Debug|Any CPU
		{63D7301F-5DD5-4D09-90AA-93B8B45926B9}.Release|Any CPU.ActiveCfg = Release|Any CPU
		{63D7301F-5DD5-4D09-90AA-93B8B45926B9}.Release|Any CPU.Build.0 = Release|Any CPU
		{1885C47C-F770-4AB8-89A4-EB6EE6F44EA6}.Debug|Any CPU.ActiveCfg = Debug|Any CPU
		{1885C47C-F770-4AB8-89A4-EB6EE6F44EA6}.Debug|Any CPU.Build.0 = Debug|Any CPU
		{1885C47C-F770-4AB8-89A4-EB6EE6F44EA6}.Release|Any CPU.ActiveCfg = Release|Any CPU
		{1885C47C-F770-4AB8-89A4-EB6EE6F44EA6}.Release|Any CPU.Build.0 = Release|Any CPU
		{01B1544F-AAFD-4B45-9A87-328BF1F11F52}.Debug|Any CPU.ActiveCfg = Debug|Any CPU
		{01B1544F-AAFD-4B45-9A87-328BF1F11F52}.Debug|Any CPU.Build.0 = Debug|Any CPU
		{01B1544F-AAFD-4B45-9A87-328BF1F11F52}.Release|Any CPU.ActiveCfg = Release|Any CPU
		{01B1544F-AAFD-4B45-9A87-328BF1F11F52}.Release|Any CPU.Build.0 = Release|Any CPU
		{9706E5D9-4EAF-42C3-916E-8F123D28DC43}.Debug|Any CPU.ActiveCfg = Debug|Any CPU
		{9706E5D9-4EAF-42C3-916E-8F123D28DC43}.Debug|Any CPU.Build.0 = Debug|Any CPU
		{9706E5D9-4EAF-42C3-916E-8F123D28DC43}.Release|Any CPU.ActiveCfg = Release|Any CPU
		{9706E5D9-4EAF-42C3-916E-8F123D28DC43}.Release|Any CPU.Build.0 = Release|Any CPU
		{B731DCA6-CAB2-4010-A6E7-3A08FAF95D8D}.Debug|Any CPU.ActiveCfg = Debug|Any CPU
		{B731DCA6-CAB2-4010-A6E7-3A08FAF95D8D}.Debug|Any CPU.Build.0 = Debug|Any CPU
		{B731DCA6-CAB2-4010-A6E7-3A08FAF95D8D}.Release|Any CPU.ActiveCfg = Release|Any CPU
		{B731DCA6-CAB2-4010-A6E7-3A08FAF95D8D}.Release|Any CPU.Build.0 = Release|Any CPU
		{27FF2EFC-154B-4892-8553-C50D904BE372}.Debug|Any CPU.ActiveCfg = Debug|Any CPU
		{27FF2EFC-154B-4892-8553-C50D904BE372}.Debug|Any CPU.Build.0 = Debug|Any CPU
		{27FF2EFC-154B-4892-8553-C50D904BE372}.Release|Any CPU.ActiveCfg = Release|Any CPU
		{27FF2EFC-154B-4892-8553-C50D904BE372}.Release|Any CPU.Build.0 = Release|Any CPU
		{F102FB21-B126-4A3E-8C5D-A549FA35FC6F}.Debug|Any CPU.ActiveCfg = Debug|Any CPU
		{F102FB21-B126-4A3E-8C5D-A549FA35FC6F}.Debug|Any CPU.Build.0 = Debug|Any CPU
		{F102FB21-B126-4A3E-8C5D-A549FA35FC6F}.Release|Any CPU.ActiveCfg = Release|Any CPU
		{F102FB21-B126-4A3E-8C5D-A549FA35FC6F}.Release|Any CPU.Build.0 = Release|Any CPU
		{A0FBC3A4-D122-4206-94A2-07D80A58D4EC}.Debug|Any CPU.ActiveCfg = Debug|Any CPU
		{A0FBC3A4-D122-4206-94A2-07D80A58D4EC}.Debug|Any CPU.Build.0 = Debug|Any CPU
		{A0FBC3A4-D122-4206-94A2-07D80A58D4EC}.Release|Any CPU.ActiveCfg = Release|Any CPU
		{A0FBC3A4-D122-4206-94A2-07D80A58D4EC}.Release|Any CPU.Build.0 = Release|Any CPU
		{51721FAE-62E3-4C75-AB33-C449576AB093}.Debug|Any CPU.ActiveCfg = Debug|Any CPU
		{51721FAE-62E3-4C75-AB33-C449576AB093}.Debug|Any CPU.Build.0 = Debug|Any CPU
		{51721FAE-62E3-4C75-AB33-C449576AB093}.Release|Any CPU.ActiveCfg = Release|Any CPU
		{51721FAE-62E3-4C75-AB33-C449576AB093}.Release|Any CPU.Build.0 = Release|Any CPU
		{43547693-8AC4-4063-B32B-38AD1235B06D}.Debug|Any CPU.ActiveCfg = Debug|Any CPU
		{43547693-8AC4-4063-B32B-38AD1235B06D}.Debug|Any CPU.Build.0 = Debug|Any CPU
		{43547693-8AC4-4063-B32B-38AD1235B06D}.Release|Any CPU.ActiveCfg = Release|Any CPU
		{43547693-8AC4-4063-B32B-38AD1235B06D}.Release|Any CPU.Build.0 = Release|Any CPU
		{78558D90-CEEB-4712-A0CF-22F8FAECF842}.Debug|Any CPU.ActiveCfg = Debug|Any CPU
		{78558D90-CEEB-4712-A0CF-22F8FAECF842}.Debug|Any CPU.Build.0 = Debug|Any CPU
		{78558D90-CEEB-4712-A0CF-22F8FAECF842}.Release|Any CPU.ActiveCfg = Release|Any CPU
		{78558D90-CEEB-4712-A0CF-22F8FAECF842}.Release|Any CPU.Build.0 = Release|Any CPU
		{548B356F-B9A3-447A-80EC-560B3D270C31}.Debug|Any CPU.ActiveCfg = Debug|Any CPU
		{548B356F-B9A3-447A-80EC-560B3D270C31}.Debug|Any CPU.Build.0 = Debug|Any CPU
		{548B356F-B9A3-447A-80EC-560B3D270C31}.Release|Any CPU.ActiveCfg = Release|Any CPU
		{548B356F-B9A3-447A-80EC-560B3D270C31}.Release|Any CPU.Build.0 = Release|Any CPU
		{B0502A65-B0D7-4A34-8676-052BCFDF2C1F}.Debug|Any CPU.ActiveCfg = Debug|Any CPU
		{B0502A65-B0D7-4A34-8676-052BCFDF2C1F}.Debug|Any CPU.Build.0 = Debug|Any CPU
		{B0502A65-B0D7-4A34-8676-052BCFDF2C1F}.Release|Any CPU.ActiveCfg = Release|Any CPU
		{B0502A65-B0D7-4A34-8676-052BCFDF2C1F}.Release|Any CPU.Build.0 = Release|Any CPU
		{AF771B4F-3371-4718-A608-06BCEB0DE8AB}.Debug|Any CPU.ActiveCfg = Debug|Any CPU
		{AF771B4F-3371-4718-A608-06BCEB0DE8AB}.Debug|Any CPU.Build.0 = Debug|Any CPU
		{AF771B4F-3371-4718-A608-06BCEB0DE8AB}.Release|Any CPU.ActiveCfg = Release|Any CPU
		{AF771B4F-3371-4718-A608-06BCEB0DE8AB}.Release|Any CPU.Build.0 = Release|Any CPU
		{76D47F33-5CFD-4339-8B5C-0AAE6487ACA6}.Debug|Any CPU.ActiveCfg = Debug|Any CPU
		{76D47F33-5CFD-4339-8B5C-0AAE6487ACA6}.Debug|Any CPU.Build.0 = Debug|Any CPU
		{76D47F33-5CFD-4339-8B5C-0AAE6487ACA6}.Release|Any CPU.ActiveCfg = Release|Any CPU
		{76D47F33-5CFD-4339-8B5C-0AAE6487ACA6}.Release|Any CPU.Build.0 = Release|Any CPU
		{B152CD01-39B0-47D9-9CEA-68A975E1E1D3}.Debug|Any CPU.ActiveCfg = Debug|Any CPU
		{B152CD01-39B0-47D9-9CEA-68A975E1E1D3}.Debug|Any CPU.Build.0 = Debug|Any CPU
		{B152CD01-39B0-47D9-9CEA-68A975E1E1D3}.Release|Any CPU.ActiveCfg = Release|Any CPU
		{B152CD01-39B0-47D9-9CEA-68A975E1E1D3}.Release|Any CPU.Build.0 = Release|Any CPU
		{6FA0AE92-E585-4E8D-A490-0C43F2FADC50}.Debug|Any CPU.ActiveCfg = Debug|Any CPU
		{6FA0AE92-E585-4E8D-A490-0C43F2FADC50}.Debug|Any CPU.Build.0 = Debug|Any CPU
		{6FA0AE92-E585-4E8D-A490-0C43F2FADC50}.Release|Any CPU.ActiveCfg = Release|Any CPU
		{6FA0AE92-E585-4E8D-A490-0C43F2FADC50}.Release|Any CPU.Build.0 = Release|Any CPU
		{E85C86FF-10C0-44F8-BD31-1DABD7FA9564}.Debug|Any CPU.ActiveCfg = Debug|Any CPU
		{E85C86FF-10C0-44F8-BD31-1DABD7FA9564}.Debug|Any CPU.Build.0 = Debug|Any CPU
		{E85C86FF-10C0-44F8-BD31-1DABD7FA9564}.Release|Any CPU.ActiveCfg = Release|Any CPU
		{E85C86FF-10C0-44F8-BD31-1DABD7FA9564}.Release|Any CPU.Build.0 = Release|Any CPU
		{A558A30B-743C-4E32-961E-45954205B076}.Debug|Any CPU.ActiveCfg = Debug|Any CPU
		{A558A30B-743C-4E32-961E-45954205B076}.Debug|Any CPU.Build.0 = Debug|Any CPU
		{A558A30B-743C-4E32-961E-45954205B076}.Release|Any CPU.ActiveCfg = Release|Any CPU
		{A558A30B-743C-4E32-961E-45954205B076}.Release|Any CPU.Build.0 = Release|Any CPU
		{8B75DD03-F1E1-4FF2-989C-1107817A658A}.Debug|Any CPU.ActiveCfg = Debug|Any CPU
		{8B75DD03-F1E1-4FF2-989C-1107817A658A}.Debug|Any CPU.Build.0 = Debug|Any CPU
		{8B75DD03-F1E1-4FF2-989C-1107817A658A}.Release|Any CPU.ActiveCfg = Release|Any CPU
		{8B75DD03-F1E1-4FF2-989C-1107817A658A}.Release|Any CPU.Build.0 = Release|Any CPU
		{88B9DA42-BC8C-4500-92B8-D83CD24923DD}.Debug|Any CPU.ActiveCfg = Debug|Any CPU
		{88B9DA42-BC8C-4500-92B8-D83CD24923DD}.Debug|Any CPU.Build.0 = Debug|Any CPU
		{88B9DA42-BC8C-4500-92B8-D83CD24923DD}.Release|Any CPU.ActiveCfg = Release|Any CPU
		{88B9DA42-BC8C-4500-92B8-D83CD24923DD}.Release|Any CPU.Build.0 = Release|Any CPU
		{13B63A0E-8B95-4BA4-9F29-9DA507DC494C}.Debug|Any CPU.ActiveCfg = Debug|Any CPU
		{13B63A0E-8B95-4BA4-9F29-9DA507DC494C}.Debug|Any CPU.Build.0 = Debug|Any CPU
		{13B63A0E-8B95-4BA4-9F29-9DA507DC494C}.Release|Any CPU.ActiveCfg = Release|Any CPU
		{13B63A0E-8B95-4BA4-9F29-9DA507DC494C}.Release|Any CPU.Build.0 = Release|Any CPU
		{0685B23D-8506-4CB6-B084-887A51AE5BDA}.Debug|Any CPU.ActiveCfg = Debug|Any CPU
		{0685B23D-8506-4CB6-B084-887A51AE5BDA}.Debug|Any CPU.Build.0 = Debug|Any CPU
		{0685B23D-8506-4CB6-B084-887A51AE5BDA}.Release|Any CPU.ActiveCfg = Release|Any CPU
		{0685B23D-8506-4CB6-B084-887A51AE5BDA}.Release|Any CPU.Build.0 = Release|Any CPU
		{A82C0BB0-723D-4DE7-80DB-29960E125B26}.Debug|Any CPU.ActiveCfg = Debug|Any CPU
		{A82C0BB0-723D-4DE7-80DB-29960E125B26}.Debug|Any CPU.Build.0 = Debug|Any CPU
		{A82C0BB0-723D-4DE7-80DB-29960E125B26}.Release|Any CPU.ActiveCfg = Release|Any CPU
		{A82C0BB0-723D-4DE7-80DB-29960E125B26}.Release|Any CPU.Build.0 = Release|Any CPU
		{A004E81F-9FD6-4415-949E-654858B8AB9D}.Debug|Any CPU.ActiveCfg = Debug|Any CPU
		{A004E81F-9FD6-4415-949E-654858B8AB9D}.Debug|Any CPU.Build.0 = Debug|Any CPU
		{A004E81F-9FD6-4415-949E-654858B8AB9D}.Release|Any CPU.ActiveCfg = Release|Any CPU
		{A004E81F-9FD6-4415-949E-654858B8AB9D}.Release|Any CPU.Build.0 = Release|Any CPU
		{0BEB828C-9314-4A9C-ADF2-34A959DE4A08}.Debug|Any CPU.ActiveCfg = Debug|Any CPU
		{0BEB828C-9314-4A9C-ADF2-34A959DE4A08}.Debug|Any CPU.Build.0 = Debug|Any CPU
		{0BEB828C-9314-4A9C-ADF2-34A959DE4A08}.Release|Any CPU.ActiveCfg = Release|Any CPU
		{0BEB828C-9314-4A9C-ADF2-34A959DE4A08}.Release|Any CPU.Build.0 = Release|Any CPU
		{C4B49500-70BD-486A-A2DA-9EA6C107BE0A}.Debug|Any CPU.ActiveCfg = Debug|Any CPU
		{C4B49500-70BD-486A-A2DA-9EA6C107BE0A}.Debug|Any CPU.Build.0 = Debug|Any CPU
		{C4B49500-70BD-486A-A2DA-9EA6C107BE0A}.Release|Any CPU.ActiveCfg = Release|Any CPU
		{C4B49500-70BD-486A-A2DA-9EA6C107BE0A}.Release|Any CPU.Build.0 = Release|Any CPU
		{818E062C-D506-4319-8FB3-C669DDB894E9}.Debug|Any CPU.ActiveCfg = Debug|Any CPU
		{818E062C-D506-4319-8FB3-C669DDB894E9}.Debug|Any CPU.Build.0 = Debug|Any CPU
		{818E062C-D506-4319-8FB3-C669DDB894E9}.Release|Any CPU.ActiveCfg = Release|Any CPU
		{818E062C-D506-4319-8FB3-C669DDB894E9}.Release|Any CPU.Build.0 = Release|Any CPU
		{9EB769B4-BFDA-40EB-A3B4-715B6829C783}.Debug|Any CPU.ActiveCfg = Debug|Any CPU
		{9EB769B4-BFDA-40EB-A3B4-715B6829C783}.Debug|Any CPU.Build.0 = Debug|Any CPU
		{9EB769B4-BFDA-40EB-A3B4-715B6829C783}.Release|Any CPU.ActiveCfg = Release|Any CPU
		{9EB769B4-BFDA-40EB-A3B4-715B6829C783}.Release|Any CPU.Build.0 = Release|Any CPU
		{5C57F6E8-224D-49EA-A621-493D51495490}.Debug|Any CPU.ActiveCfg = Debug|Any CPU
		{5C57F6E8-224D-49EA-A621-493D51495490}.Debug|Any CPU.Build.0 = Debug|Any CPU
		{5C57F6E8-224D-49EA-A621-493D51495490}.Release|Any CPU.ActiveCfg = Release|Any CPU
		{5C57F6E8-224D-49EA-A621-493D51495490}.Release|Any CPU.Build.0 = Release|Any CPU
		{A3D7C1F3-6CF5-4E5F-83D5-4E80A138FDA2}.Debug|Any CPU.ActiveCfg = Debug|Any CPU
		{A3D7C1F3-6CF5-4E5F-83D5-4E80A138FDA2}.Debug|Any CPU.Build.0 = Debug|Any CPU
		{A3D7C1F3-6CF5-4E5F-83D5-4E80A138FDA2}.Release|Any CPU.ActiveCfg = Release|Any CPU
		{A3D7C1F3-6CF5-4E5F-83D5-4E80A138FDA2}.Release|Any CPU.Build.0 = Release|Any CPU
		{5563BE2E-ADEC-4539-9787-9973E330CD51}.Debug|Any CPU.ActiveCfg = Debug|Any CPU
		{5563BE2E-ADEC-4539-9787-9973E330CD51}.Debug|Any CPU.Build.0 = Debug|Any CPU
		{5563BE2E-ADEC-4539-9787-9973E330CD51}.Release|Any CPU.ActiveCfg = Release|Any CPU
		{5563BE2E-ADEC-4539-9787-9973E330CD51}.Release|Any CPU.Build.0 = Release|Any CPU
		{256004CA-8AEB-4116-9DA6-51713789AC3C}.Debug|Any CPU.ActiveCfg = Debug|Any CPU
		{256004CA-8AEB-4116-9DA6-51713789AC3C}.Debug|Any CPU.Build.0 = Debug|Any CPU
		{256004CA-8AEB-4116-9DA6-51713789AC3C}.Release|Any CPU.ActiveCfg = Release|Any CPU
		{256004CA-8AEB-4116-9DA6-51713789AC3C}.Release|Any CPU.Build.0 = Release|Any CPU
		{68A8A863-F341-4135-AE48-02513308303F}.Debug|Any CPU.ActiveCfg = Debug|Any CPU
		{68A8A863-F341-4135-AE48-02513308303F}.Debug|Any CPU.Build.0 = Debug|Any CPU
		{68A8A863-F341-4135-AE48-02513308303F}.Release|Any CPU.ActiveCfg = Release|Any CPU
		{68A8A863-F341-4135-AE48-02513308303F}.Release|Any CPU.Build.0 = Release|Any CPU
		{E4322D7F-71B8-4BA4-A0AB-381DFB3720AD}.Debug|Any CPU.ActiveCfg = Debug|Any CPU
		{E4322D7F-71B8-4BA4-A0AB-381DFB3720AD}.Debug|Any CPU.Build.0 = Debug|Any CPU
		{E4322D7F-71B8-4BA4-A0AB-381DFB3720AD}.Release|Any CPU.ActiveCfg = Release|Any CPU
		{E4322D7F-71B8-4BA4-A0AB-381DFB3720AD}.Release|Any CPU.Build.0 = Release|Any CPU
		{DAC1B148-F489-4DDB-AF63-66D2711B8A04}.Debug|Any CPU.ActiveCfg = Debug|Any CPU
		{DAC1B148-F489-4DDB-AF63-66D2711B8A04}.Debug|Any CPU.Build.0 = Debug|Any CPU
		{DAC1B148-F489-4DDB-AF63-66D2711B8A04}.Release|Any CPU.ActiveCfg = Release|Any CPU
		{DAC1B148-F489-4DDB-AF63-66D2711B8A04}.Release|Any CPU.Build.0 = Release|Any CPU
		{F7564E9D-2460-4E99-9C9F-FE3C2B7EA18B}.Debug|Any CPU.ActiveCfg = Debug|Any CPU
		{F7564E9D-2460-4E99-9C9F-FE3C2B7EA18B}.Debug|Any CPU.Build.0 = Debug|Any CPU
		{F7564E9D-2460-4E99-9C9F-FE3C2B7EA18B}.Release|Any CPU.ActiveCfg = Release|Any CPU
		{F7564E9D-2460-4E99-9C9F-FE3C2B7EA18B}.Release|Any CPU.Build.0 = Release|Any CPU
		{2DE20C77-9198-483C-AFF4-2B0D878E8601}.Debug|Any CPU.ActiveCfg = Debug|Any CPU
		{2DE20C77-9198-483C-AFF4-2B0D878E8601}.Debug|Any CPU.Build.0 = Debug|Any CPU
		{2DE20C77-9198-483C-AFF4-2B0D878E8601}.Release|Any CPU.ActiveCfg = Release|Any CPU
		{2DE20C77-9198-483C-AFF4-2B0D878E8601}.Release|Any CPU.Build.0 = Release|Any CPU
		{003AE524-D0E6-44BB-81ED-7AC61838B29E}.Debug|Any CPU.ActiveCfg = Debug|Any CPU
		{003AE524-D0E6-44BB-81ED-7AC61838B29E}.Debug|Any CPU.Build.0 = Debug|Any CPU
		{003AE524-D0E6-44BB-81ED-7AC61838B29E}.Release|Any CPU.ActiveCfg = Release|Any CPU
		{003AE524-D0E6-44BB-81ED-7AC61838B29E}.Release|Any CPU.Build.0 = Release|Any CPU
		{B4EBB880-EE87-41B1-BDBF-936948422C36}.Debug|Any CPU.ActiveCfg = Debug|Any CPU
		{B4EBB880-EE87-41B1-BDBF-936948422C36}.Debug|Any CPU.Build.0 = Debug|Any CPU
		{B4EBB880-EE87-41B1-BDBF-936948422C36}.Release|Any CPU.ActiveCfg = Release|Any CPU
		{B4EBB880-EE87-41B1-BDBF-936948422C36}.Release|Any CPU.Build.0 = Release|Any CPU
		{92427A38-B7AC-4D10-8870-6DC765AA7F29}.Debug|Any CPU.ActiveCfg = Debug|Any CPU
		{92427A38-B7AC-4D10-8870-6DC765AA7F29}.Debug|Any CPU.Build.0 = Debug|Any CPU
		{92427A38-B7AC-4D10-8870-6DC765AA7F29}.Release|Any CPU.ActiveCfg = Release|Any CPU
		{92427A38-B7AC-4D10-8870-6DC765AA7F29}.Release|Any CPU.Build.0 = Release|Any CPU
		{34333D5D-608C-4863-B6DA-C3D2CB63B077}.Debug|Any CPU.ActiveCfg = Debug|Any CPU
		{34333D5D-608C-4863-B6DA-C3D2CB63B077}.Debug|Any CPU.Build.0 = Debug|Any CPU
		{34333D5D-608C-4863-B6DA-C3D2CB63B077}.Release|Any CPU.ActiveCfg = Release|Any CPU
		{34333D5D-608C-4863-B6DA-C3D2CB63B077}.Release|Any CPU.Build.0 = Release|Any CPU
	EndGlobalSection
	GlobalSection(SolutionProperties) = preSolution
		HideSolutionNode = FALSE
	EndGlobalSection
	GlobalSection(NestedProjects) = preSolution
		{68A065E3-3316-4424-8B87-69D567D5A463} = {627A40F0-39C4-4F5E-B4A7-34EA53E8E1E8}
		{63D7301F-5DD5-4D09-90AA-93B8B45926B9} = {627A40F0-39C4-4F5E-B4A7-34EA53E8E1E8}
		{1885C47C-F770-4AB8-89A4-EB6EE6F44EA6} = {627A40F0-39C4-4F5E-B4A7-34EA53E8E1E8}
		{01B1544F-AAFD-4B45-9A87-328BF1F11F52} = {627A40F0-39C4-4F5E-B4A7-34EA53E8E1E8}
		{9706E5D9-4EAF-42C3-916E-8F123D28DC43} = {73175D23-81CD-40CF-A001-21EA4235B608}
		{B731DCA6-CAB2-4010-A6E7-3A08FAF95D8D} = {73175D23-81CD-40CF-A001-21EA4235B608}
		{27FF2EFC-154B-4892-8553-C50D904BE372} = {73175D23-81CD-40CF-A001-21EA4235B608}
		{F102FB21-B126-4A3E-8C5D-A549FA35FC6F} = {73175D23-81CD-40CF-A001-21EA4235B608}
		{A0FBC3A4-D122-4206-94A2-07D80A58D4EC} = {73175D23-81CD-40CF-A001-21EA4235B608}
		{51721FAE-62E3-4C75-AB33-C449576AB093} = {73175D23-81CD-40CF-A001-21EA4235B608}
		{43547693-8AC4-4063-B32B-38AD1235B06D} = {73175D23-81CD-40CF-A001-21EA4235B608}
		{78558D90-CEEB-4712-A0CF-22F8FAECF842} = {85EDD3AD-87FD-47A7-BBCE-0B37B00C9DD6}
		{548B356F-B9A3-447A-80EC-560B3D270C31} = {85EDD3AD-87FD-47A7-BBCE-0B37B00C9DD6}
		{B0502A65-B0D7-4A34-8676-052BCFDF2C1F} = {73175D23-81CD-40CF-A001-21EA4235B608}
		{AF771B4F-3371-4718-A608-06BCEB0DE8AB} = {73175D23-81CD-40CF-A001-21EA4235B608}
		{76D47F33-5CFD-4339-8B5C-0AAE6487ACA6} = {85EDD3AD-87FD-47A7-BBCE-0B37B00C9DD6}
		{B152CD01-39B0-47D9-9CEA-68A975E1E1D3} = {85EDD3AD-87FD-47A7-BBCE-0B37B00C9DD6}
		{6FA0AE92-E585-4E8D-A490-0C43F2FADC50} = {85EDD3AD-87FD-47A7-BBCE-0B37B00C9DD6}
		{E85C86FF-10C0-44F8-BD31-1DABD7FA9564} = {85EDD3AD-87FD-47A7-BBCE-0B37B00C9DD6}
		{A558A30B-743C-4E32-961E-45954205B076} = {BB2D5C6A-194B-42DB-BC1E-427137FE3F5B}
		{8B75DD03-F1E1-4FF2-989C-1107817A658A} = {BB2D5C6A-194B-42DB-BC1E-427137FE3F5B}
		{88B9DA42-BC8C-4500-92B8-D83CD24923DD} = {BB2D5C6A-194B-42DB-BC1E-427137FE3F5B}
		{13B63A0E-8B95-4BA4-9F29-9DA507DC494C} = {BB2D5C6A-194B-42DB-BC1E-427137FE3F5B}
		{0685B23D-8506-4CB6-B084-887A51AE5BDA} = {73175D23-81CD-40CF-A001-21EA4235B608}
		{A82C0BB0-723D-4DE7-80DB-29960E125B26} = {73175D23-81CD-40CF-A001-21EA4235B608}
		{A004E81F-9FD6-4415-949E-654858B8AB9D} = {E0E56378-7D85-47D2-93D4-2B977C911484}
		{0BEB828C-9314-4A9C-ADF2-34A959DE4A08} = {E0E56378-7D85-47D2-93D4-2B977C911484}
		{C4B49500-70BD-486A-A2DA-9EA6C107BE0A} = {E0E56378-7D85-47D2-93D4-2B977C911484}
		{818E062C-D506-4319-8FB3-C669DDB894E9} = {E0E56378-7D85-47D2-93D4-2B977C911484}
		{9EB769B4-BFDA-40EB-A3B4-715B6829C783} = {E0E56378-7D85-47D2-93D4-2B977C911484}
		{5C57F6E8-224D-49EA-A621-493D51495490} = {E0E56378-7D85-47D2-93D4-2B977C911484}
		{A3D7C1F3-6CF5-4E5F-83D5-4E80A138FDA2} = {E0E56378-7D85-47D2-93D4-2B977C911484}
		{5563BE2E-ADEC-4539-9787-9973E330CD51} = {9004352F-A6E4-4116-AE60-A9AC7E4699E0}
		{256004CA-8AEB-4116-9DA6-51713789AC3C} = {9004352F-A6E4-4116-AE60-A9AC7E4699E0}
		{68A8A863-F341-4135-AE48-02513308303F} = {9004352F-A6E4-4116-AE60-A9AC7E4699E0}
		{E4322D7F-71B8-4BA4-A0AB-381DFB3720AD} = {1D57AE27-CD90-46DD-863F-0083151CCDE2}
		{DAC1B148-F489-4DDB-AF63-66D2711B8A04} = {1D57AE27-CD90-46DD-863F-0083151CCDE2}
		{F7564E9D-2460-4E99-9C9F-FE3C2B7EA18B} = {1D57AE27-CD90-46DD-863F-0083151CCDE2}
		{2DE20C77-9198-483C-AFF4-2B0D878E8601} = {73175D23-81CD-40CF-A001-21EA4235B608}
		{003AE524-D0E6-44BB-81ED-7AC61838B29E} = {6B2B9F8D-D2DF-465E-9899-3EC1EB411753}
		{B4EBB880-EE87-41B1-BDBF-936948422C36} = {85EDD3AD-87FD-47A7-BBCE-0B37B00C9DD6}
		{92427A38-B7AC-4D10-8870-6DC765AA7F29} = {85EDD3AD-87FD-47A7-BBCE-0B37B00C9DD6}
		{34333D5D-608C-4863-B6DA-C3D2CB63B077} = {238B4529-C5E5-4599-818C-D35623E733F0}
	EndGlobalSection
	GlobalSection(ExtensibilityGlobals) = postSolution
		SolutionGuid = {76279A00-DC7D-4EC6-AC30-68850CF1EC55}
	EndGlobalSection
EndGlobal
