
Microsoft Visual Studio Solution File, Format Version 12.00
# Visual Studio Version 16
VisualStudioVersion = 16.0.29123.88
MinimumVisualStudioVersion = 10.0.40219.1
Project("{9A19103F-16F7-4668-BE54-9A1E7A4F7556}") = "YJC.Toolkit.Core", "Core\YJC.Toolkit.Core\YJC.Toolkit.Core.csproj", "{9AFF9CC4-42A6-471B-95C9-AF07CEBC19E5}"
EndProject
Project("{2150E333-8FDC-42A3-9474-1A3956D46DE8}") = "Core", "Core", "{EE30E8E3-12D7-4738-A6CA-745172A1BC66}"
EndProject
Project("{9A19103F-16F7-4668-BE54-9A1E7A4F7556}") = "YJC.Toolkit.MetaData", "Core\YJC.Toolkit.MetaData\YJC.Toolkit.MetaData.csproj", "{59F7B4ED-95AD-40B6-AD3B-419FE66C4521}"
EndProject
Project("{2150E333-8FDC-42A3-9474-1A3956D46DE8}") = "Data", "Data", "{5D4AC09B-83D3-4267-822D-5151E1DA018F}"
EndProject
Project("{9A19103F-16F7-4668-BE54-9A1E7A4F7556}") = "YJC.Toolkit.Data", "Data\YJC.Toolkit.Data\YJC.Toolkit.Data.csproj", "{711B30CD-066C-4D32-AD35-5FBAC6104CD8}"
EndProject
Project("{9A19103F-16F7-4668-BE54-9A1E7A4F7556}") = "YJC.Toolkit.AdoData", "Data\YJC.Toolkit.AdoData\YJC.Toolkit.AdoData.csproj", "{5922E5BD-4C19-457F-865C-98D4A50560EB}"
EndProject
Project("{9A19103F-16F7-4668-BE54-9A1E7A4F7556}") = "YJC.Toolkit.Razor", "Data\YJC.Toolkit.Razor\YJC.Toolkit.Razor.csproj", "{3083D7FD-73A2-4CE6-BF3A-46ED8DE65572}"
EndProject
Project("{9A19103F-16F7-4668-BE54-9A1E7A4F7556}") = "YJC.Toolkit.SqlClient", "Data\YJC.Toolkit.SqlClient\YJC.Toolkit.SqlClient.csproj", "{841A19B1-452A-481B-9462-B8C7E694A9BE}"
EndProject
Project("{2150E333-8FDC-42A3-9474-1A3956D46DE8}") = "App", "App", "{A2E83C58-71BC-43BE-8BED-6BAAC6062ED7}"
EndProject
Project("{FAE04EC0-301F-11D3-BF4B-00C04F79EFBC}") = "YJC.Toolkit.ConsoleApp", "NetApp\YJC.Toolkit.ConsoleApp\YJC.Toolkit.ConsoleApp.csproj", "{2B149583-FAA1-4A59-9BCD-32D6B4B796AD}"
EndProject
Project("{FAE04EC0-301F-11D3-BF4B-00C04F79EFBC}") = "YJC.Toolkit.TestApp", "NetApp\YJC.Toolkit.TestApp\YJC.Toolkit.TestApp.csproj", "{2E216FEA-4F45-4105-8035-3DF3D4E60FA4}"
EndProject
Project("{FAE04EC0-301F-11D3-BF4B-00C04F79EFBC}") = "YJC.Toolkit.ToolApp", "NetApp\YJC.Toolkit.ToolApp\YJC.Toolkit.ToolApp.csproj", "{17431E10-859D-4785-A415-8298F4D313CB}"
EndProject
Project("{2150E333-8FDC-42A3-9474-1A3956D46DE8}") = "Web", "Web", "{FE2CC5A0-735E-420A-9156-4955FB411411}"
EndProject
Project("{FAE04EC0-301F-11D3-BF4B-00C04F79EFBC}") = "YJC.Toolkit.WebApp", "NetWeb\YJC.Toolkit.WebApp\YJC.Toolkit.WebApp.csproj", "{CB43A96F-6FCC-4941-BE87-8EEE6F90422D}"
EndProject
Project("{2150E333-8FDC-42A3-9474-1A3956D46DE8}") = "Razor", "Razor", "{B5E187BE-131B-46D7-87A0-6DF0B9B8D626}"
EndProject
Project("{2150E333-8FDC-42A3-9474-1A3956D46DE8}") = "WebTest", "WebTest", "{FEEF4E62-1340-4F5B-B6BD-284E1D179296}"
EndProject
Project("{FAE04EC0-301F-11D3-BF4B-00C04F79EFBC}") = "YJC.Toolkit.OldRazor", "NetWeb\YJC.Toolkit.OldRazor\YJC.Toolkit.OldRazor.csproj", "{0D85F604-535D-441D-A502-465BEA99B963}"
EndProject
Project("{FAE04EC0-301F-11D3-BF4B-00C04F79EFBC}") = "YJC.Toolkit.Web.OldRazorCommon", "NetWeb\YJC.Toolkit.Web.OldRazorCommon\YJC.Toolkit.Web.OldRazorCommon.csproj", "{A3CAAA3F-275E-4528-A813-2642D53F7954}"
EndProject
Project("{FAE04EC0-301F-11D3-BF4B-00C04F79EFBC}") = "YJC.Toolkit.Web.OldRazor", "NetWeb\YJC.Toolkit.Web.OldRazor\YJC.Toolkit.Web.OldRazor.csproj", "{6B2B246D-228D-40DD-8877-1889F2C2B5B0}"
EndProject
Project("{FAE04EC0-301F-11D3-BF4B-00C04F79EFBC}") = "YJC.Toolkit.Web.OldRazor2", "NetWeb\YJC.Toolkit.Web.OldRazor2\YJC.Toolkit.Web.OldRazor2.csproj", "{FC1FE4DD-D5E0-4DAE-9648-E2FE00B0A344}"
EndProject
Project("{FAE04EC0-301F-11D3-BF4B-00C04F79EFBC}") = "TestWeb", "NetWebTest\TestWeb\TestWeb.csproj", "{EDE5EA55-EFF5-4CA6-87D1-4440F69035AD}"
EndProject
Project("{E24C65DC-7377-472B-9ABA-BC803B73C61A}") = "TestWeb(1)", "NetWebTest\TestWeb\", "{E9082673-8E31-4ADA-8D3C-8318780A8255}"
	ProjectSection(WebsiteProperties) = preProject
		TargetFrameworkMoniker = ".NETFramework,Version%3Dv4.7.2"
		Debug.AspNetCompiler.VirtualPath = "/localhost_34981"
		Debug.AspNetCompiler.PhysicalPath = "NetWebTest\TestWeb\"
		Debug.AspNetCompiler.TargetPath = "PrecompiledWeb\localhost_34981\"
		Debug.AspNetCompiler.Updateable = "true"
		Debug.AspNetCompiler.ForceOverwrite = "true"
		Debug.AspNetCompiler.FixedNames = "false"
		Debug.AspNetCompiler.Debug = "True"
		Release.AspNetCompiler.VirtualPath = "/localhost_34981"
		Release.AspNetCompiler.PhysicalPath = "NetWebTest\TestWeb\"
		Release.AspNetCompiler.TargetPath = "PrecompiledWeb\localhost_34981\"
		Release.AspNetCompiler.Updateable = "true"
		Release.AspNetCompiler.ForceOverwrite = "true"
		Release.AspNetCompiler.FixedNames = "false"
		Release.AspNetCompiler.Debug = "False"
		VWDPort = "34981"
		SlnRelativePath = "NetWebTest\TestWeb\"
	EndProjectSection
EndProject
Project("{FAE04EC0-301F-11D3-BF4B-00C04F79EFBC}") = "YJC.Toolkit.Evaluator", "NetData\YJC.Toolkit.Evaluator\YJC.Toolkit.Evaluator.csproj", "{E5DEF70F-76D7-455E-A1AF-521D9B510060}"
EndProject
Project("{9A19103F-16F7-4668-BE54-9A1E7A4F7556}") = "YJC.Toolkit.Web.Common", "Data\YJC.Toolkit.Web.Common\YJC.Toolkit.Web.Common.csproj", "{6D94DF04-07A9-44B6-92F3-6B50EB6A2AFE}"
EndProject
Global
	GlobalSection(SolutionConfigurationPlatforms) = preSolution
		Debug|Any CPU = Debug|Any CPU
		Release|Any CPU = Release|Any CPU
	EndGlobalSection
	GlobalSection(ProjectConfigurationPlatforms) = postSolution
		{9AFF9CC4-42A6-471B-95C9-AF07CEBC19E5}.Debug|Any CPU.ActiveCfg = Debug|Any CPU
		{9AFF9CC4-42A6-471B-95C9-AF07CEBC19E5}.Debug|Any CPU.Build.0 = Debug|Any CPU
		{9AFF9CC4-42A6-471B-95C9-AF07CEBC19E5}.Release|Any CPU.ActiveCfg = Release|Any CPU
		{9AFF9CC4-42A6-471B-95C9-AF07CEBC19E5}.Release|Any CPU.Build.0 = Release|Any CPU
		{59F7B4ED-95AD-40B6-AD3B-419FE66C4521}.Debug|Any CPU.ActiveCfg = Debug|Any CPU
		{59F7B4ED-95AD-40B6-AD3B-419FE66C4521}.Debug|Any CPU.Build.0 = Debug|Any CPU
		{59F7B4ED-95AD-40B6-AD3B-419FE66C4521}.Release|Any CPU.ActiveCfg = Release|Any CPU
		{59F7B4ED-95AD-40B6-AD3B-419FE66C4521}.Release|Any CPU.Build.0 = Release|Any CPU
		{711B30CD-066C-4D32-AD35-5FBAC6104CD8}.Debug|Any CPU.ActiveCfg = Debug|Any CPU
		{711B30CD-066C-4D32-AD35-5FBAC6104CD8}.Debug|Any CPU.Build.0 = Debug|Any CPU
		{711B30CD-066C-4D32-AD35-5FBAC6104CD8}.Release|Any CPU.ActiveCfg = Release|Any CPU
		{711B30CD-066C-4D32-AD35-5FBAC6104CD8}.Release|Any CPU.Build.0 = Release|Any CPU
		{5922E5BD-4C19-457F-865C-98D4A50560EB}.Debug|Any CPU.ActiveCfg = Debug|Any CPU
		{5922E5BD-4C19-457F-865C-98D4A50560EB}.Debug|Any CPU.Build.0 = Debug|Any CPU
		{5922E5BD-4C19-457F-865C-98D4A50560EB}.Release|Any CPU.ActiveCfg = Release|Any CPU
		{5922E5BD-4C19-457F-865C-98D4A50560EB}.Release|Any CPU.Build.0 = Release|Any CPU
		{3083D7FD-73A2-4CE6-BF3A-46ED8DE65572}.Debug|Any CPU.ActiveCfg = Debug|Any CPU
		{3083D7FD-73A2-4CE6-BF3A-46ED8DE65572}.Debug|Any CPU.Build.0 = Debug|Any CPU
		{3083D7FD-73A2-4CE6-BF3A-46ED8DE65572}.Release|Any CPU.ActiveCfg = Release|Any CPU
		{3083D7FD-73A2-4CE6-BF3A-46ED8DE65572}.Release|Any CPU.Build.0 = Release|Any CPU
		{841A19B1-452A-481B-9462-B8C7E694A9BE}.Debug|Any CPU.ActiveCfg = Debug|Any CPU
		{841A19B1-452A-481B-9462-B8C7E694A9BE}.Debug|Any CPU.Build.0 = Debug|Any CPU
		{841A19B1-452A-481B-9462-B8C7E694A9BE}.Release|Any CPU.ActiveCfg = Release|Any CPU
		{841A19B1-452A-481B-9462-B8C7E694A9BE}.Release|Any CPU.Build.0 = Release|Any CPU
		{2B149583-FAA1-4A59-9BCD-32D6B4B796AD}.Debug|Any CPU.ActiveCfg = Debug|Any CPU
		{2B149583-FAA1-4A59-9BCD-32D6B4B796AD}.Debug|Any CPU.Build.0 = Debug|Any CPU
		{2B149583-FAA1-4A59-9BCD-32D6B4B796AD}.Release|Any CPU.ActiveCfg = Release|Any CPU
		{2B149583-FAA1-4A59-9BCD-32D6B4B796AD}.Release|Any CPU.Build.0 = Release|Any CPU
		{2E216FEA-4F45-4105-8035-3DF3D4E60FA4}.Debug|Any CPU.ActiveCfg = Debug|Any CPU
		{2E216FEA-4F45-4105-8035-3DF3D4E60FA4}.Debug|Any CPU.Build.0 = Debug|Any CPU
		{2E216FEA-4F45-4105-8035-3DF3D4E60FA4}.Release|Any CPU.ActiveCfg = Release|Any CPU
		{2E216FEA-4F45-4105-8035-3DF3D4E60FA4}.Release|Any CPU.Build.0 = Release|Any CPU
		{17431E10-859D-4785-A415-8298F4D313CB}.Debug|Any CPU.ActiveCfg = Debug|Any CPU
		{17431E10-859D-4785-A415-8298F4D313CB}.Debug|Any CPU.Build.0 = Debug|Any CPU
		{17431E10-859D-4785-A415-8298F4D313CB}.Release|Any CPU.ActiveCfg = Release|Any CPU
		{17431E10-859D-4785-A415-8298F4D313CB}.Release|Any CPU.Build.0 = Release|Any CPU
		{CB43A96F-6FCC-4941-BE87-8EEE6F90422D}.Debug|Any CPU.ActiveCfg = Debug|Any CPU
		{CB43A96F-6FCC-4941-BE87-8EEE6F90422D}.Debug|Any CPU.Build.0 = Debug|Any CPU
		{CB43A96F-6FCC-4941-BE87-8EEE6F90422D}.Release|Any CPU.ActiveCfg = Release|Any CPU
		{CB43A96F-6FCC-4941-BE87-8EEE6F90422D}.Release|Any CPU.Build.0 = Release|Any CPU
		{0D85F604-535D-441D-A502-465BEA99B963}.Debug|Any CPU.ActiveCfg = Debug|Any CPU
		{0D85F604-535D-441D-A502-465BEA99B963}.Debug|Any CPU.Build.0 = Debug|Any CPU
		{0D85F604-535D-441D-A502-465BEA99B963}.Release|Any CPU.ActiveCfg = Release|Any CPU
		{0D85F604-535D-441D-A502-465BEA99B963}.Release|Any CPU.Build.0 = Release|Any CPU
		{A3CAAA3F-275E-4528-A813-2642D53F7954}.Debug|Any CPU.ActiveCfg = Debug|Any CPU
		{A3CAAA3F-275E-4528-A813-2642D53F7954}.Debug|Any CPU.Build.0 = Debug|Any CPU
		{A3CAAA3F-275E-4528-A813-2642D53F7954}.Release|Any CPU.ActiveCfg = Release|Any CPU
		{A3CAAA3F-275E-4528-A813-2642D53F7954}.Release|Any CPU.Build.0 = Release|Any CPU
		{6B2B246D-228D-40DD-8877-1889F2C2B5B0}.Debug|Any CPU.ActiveCfg = Debug|Any CPU
		{6B2B246D-228D-40DD-8877-1889F2C2B5B0}.Debug|Any CPU.Build.0 = Debug|Any CPU
		{6B2B246D-228D-40DD-8877-1889F2C2B5B0}.Release|Any CPU.ActiveCfg = Release|Any CPU
		{6B2B246D-228D-40DD-8877-1889F2C2B5B0}.Release|Any CPU.Build.0 = Release|Any CPU
		{FC1FE4DD-D5E0-4DAE-9648-E2FE00B0A344}.Debug|Any CPU.ActiveCfg = Debug|Any CPU
		{FC1FE4DD-D5E0-4DAE-9648-E2FE00B0A344}.Debug|Any CPU.Build.0 = Debug|Any CPU
		{FC1FE4DD-D5E0-4DAE-9648-E2FE00B0A344}.Release|Any CPU.ActiveCfg = Release|Any CPU
		{FC1FE4DD-D5E0-4DAE-9648-E2FE00B0A344}.Release|Any CPU.Build.0 = Release|Any CPU
		{EDE5EA55-EFF5-4CA6-87D1-4440F69035AD}.Debug|Any CPU.ActiveCfg = Debug|Any CPU
		{EDE5EA55-EFF5-4CA6-87D1-4440F69035AD}.Debug|Any CPU.Build.0 = Debug|Any CPU
		{EDE5EA55-EFF5-4CA6-87D1-4440F69035AD}.Release|Any CPU.ActiveCfg = Release|Any CPU
		{EDE5EA55-EFF5-4CA6-87D1-4440F69035AD}.Release|Any CPU.Build.0 = Release|Any CPU
		{E9082673-8E31-4ADA-8D3C-8318780A8255}.Debug|Any CPU.ActiveCfg = Debug|Any CPU
		{E9082673-8E31-4ADA-8D3C-8318780A8255}.Debug|Any CPU.Build.0 = Debug|Any CPU
		{E9082673-8E31-4ADA-8D3C-8318780A8255}.Release|Any CPU.ActiveCfg = Debug|Any CPU
		{E9082673-8E31-4ADA-8D3C-8318780A8255}.Release|Any CPU.Build.0 = Debug|Any CPU
		{E5DEF70F-76D7-455E-A1AF-521D9B510060}.Debug|Any CPU.ActiveCfg = Debug|Any CPU
		{E5DEF70F-76D7-455E-A1AF-521D9B510060}.Debug|Any CPU.Build.0 = Debug|Any CPU
		{E5DEF70F-76D7-455E-A1AF-521D9B510060}.Release|Any CPU.ActiveCfg = Release|Any CPU
		{E5DEF70F-76D7-455E-A1AF-521D9B510060}.Release|Any CPU.Build.0 = Release|Any CPU
		{6D94DF04-07A9-44B6-92F3-6B50EB6A2AFE}.Debug|Any CPU.ActiveCfg = Debug|Any CPU
		{6D94DF04-07A9-44B6-92F3-6B50EB6A2AFE}.Debug|Any CPU.Build.0 = Debug|Any CPU
		{6D94DF04-07A9-44B6-92F3-6B50EB6A2AFE}.Release|Any CPU.ActiveCfg = Release|Any CPU
		{6D94DF04-07A9-44B6-92F3-6B50EB6A2AFE}.Release|Any CPU.Build.0 = Release|Any CPU
	EndGlobalSection
	GlobalSection(SolutionProperties) = preSolution
		HideSolutionNode = FALSE
	EndGlobalSection
	GlobalSection(NestedProjects) = preSolution
		{9AFF9CC4-42A6-471B-95C9-AF07CEBC19E5} = {EE30E8E3-12D7-4738-A6CA-745172A1BC66}
		{59F7B4ED-95AD-40B6-AD3B-419FE66C4521} = {EE30E8E3-12D7-4738-A6CA-745172A1BC66}
		{711B30CD-066C-4D32-AD35-5FBAC6104CD8} = {5D4AC09B-83D3-4267-822D-5151E1DA018F}
		{5922E5BD-4C19-457F-865C-98D4A50560EB} = {5D4AC09B-83D3-4267-822D-5151E1DA018F}
		{3083D7FD-73A2-4CE6-BF3A-46ED8DE65572} = {5D4AC09B-83D3-4267-822D-5151E1DA018F}
		{841A19B1-452A-481B-9462-B8C7E694A9BE} = {5D4AC09B-83D3-4267-822D-5151E1DA018F}
		{2B149583-FAA1-4A59-9BCD-32D6B4B796AD} = {A2E83C58-71BC-43BE-8BED-6BAAC6062ED7}
		{2E216FEA-4F45-4105-8035-3DF3D4E60FA4} = {A2E83C58-71BC-43BE-8BED-6BAAC6062ED7}
		{17431E10-859D-4785-A415-8298F4D313CB} = {A2E83C58-71BC-43BE-8BED-6BAAC6062ED7}
		{CB43A96F-6FCC-4941-BE87-8EEE6F90422D} = {FE2CC5A0-735E-420A-9156-4955FB411411}
		{0D85F604-535D-441D-A502-465BEA99B963} = {B5E187BE-131B-46D7-87A0-6DF0B9B8D626}
		{A3CAAA3F-275E-4528-A813-2642D53F7954} = {B5E187BE-131B-46D7-87A0-6DF0B9B8D626}
		{6B2B246D-228D-40DD-8877-1889F2C2B5B0} = {B5E187BE-131B-46D7-87A0-6DF0B9B8D626}
		{FC1FE4DD-D5E0-4DAE-9648-E2FE00B0A344} = {B5E187BE-131B-46D7-87A0-6DF0B9B8D626}
		{EDE5EA55-EFF5-4CA6-87D1-4440F69035AD} = {FEEF4E62-1340-4F5B-B6BD-284E1D179296}
		{E9082673-8E31-4ADA-8D3C-8318780A8255} = {FEEF4E62-1340-4F5B-B6BD-284E1D179296}
		{E5DEF70F-76D7-455E-A1AF-521D9B510060} = {5D4AC09B-83D3-4267-822D-5151E1DA018F}
		{6D94DF04-07A9-44B6-92F3-6B50EB6A2AFE} = {FE2CC5A0-735E-420A-9156-4955FB411411}
	EndGlobalSection
	GlobalSection(ExtensibilityGlobals) = postSolution
		SolutionGuid = {961E880F-C614-4D1F-9C36-72BAEFDB7DAA}
	EndGlobalSection
EndGlobal
